// !$*UTF8*$!
{
	archiveVersion = 1;
	classes = {
	};
	objectVersion = 46;
	objects = {

/* Begin PBXBuildFile section */
		053AF2781CE21415000ACB9D /* KTopicDetailVC.m in Sources */ = {isa = PBXBuildFile; fileRef = 053AF2771CE21415000ACB9D /* KTopicDetailVC.m */; };
		057BDD3A1CDF430300F03911 /* WBCustonSegment.m in Sources */ = {isa = PBXBuildFile; fileRef = 057BDD391CDF430300F03911 /* WBCustonSegment.m */; };
		057BDD3D1CDF479500F03911 /* KTopicCell.m in Sources */ = {isa = PBXBuildFile; fileRef = 057BDD3C1CDF479500F03911 /* KTopicCell.m */; };
		057BDD401CDF47B400F03911 /* KTopicModel.m in Sources */ = {isa = PBXBuildFile; fileRef = 057BDD3F1CDF47B400F03911 /* KTopicModel.m */; };
		057BDD431CDF47C200F03911 /* KTopicFrameModel.m in Sources */ = {isa = PBXBuildFile; fileRef = 057BDD421CDF47C200F03911 /* KTopicFrameModel.m */; };
		05C87CC11CE3679800BFBA0F /* KTopicHeaderFrameModel.m in Sources */ = {isa = PBXBuildFile; fileRef = 05C87CC01CE3679800BFBA0F /* KTopicHeaderFrameModel.m */; };
		05C87CC71CE3681E00BFBA0F /* KTopicDetailHeader.m in Sources */ = {isa = PBXBuildFile; fileRef = 05C87CC61CE3681E00BFBA0F /* KTopicDetailHeader.m */; };
		05ECD8611CE45E6B00A0582A /* KCommentCountView.m in Sources */ = {isa = PBXBuildFile; fileRef = 05ECD8601CE45E6B00A0582A /* KCommentCountView.m */; };
		05ECD8631CE45E7A00A0582A /* KCommentCountView.xib in Resources */ = {isa = PBXBuildFile; fileRef = 05ECD8621CE45E7A00A0582A /* KCommentCountView.xib */; };
		05ECD8661CE4627F00A0582A /* KBottomCommentView.m in Sources */ = {isa = PBXBuildFile; fileRef = 05ECD8651CE4627F00A0582A /* KBottomCommentView.m */; };
		05ECD8681CE4629000A0582A /* KBottomCommentView.xib in Resources */ = {isa = PBXBuildFile; fileRef = 05ECD8671CE4629000A0582A /* KBottomCommentView.xib */; };
		05ECD86C1CE462BC00A0582A /* KCommentCell.m in Sources */ = {isa = PBXBuildFile; fileRef = 05ECD86A1CE462BC00A0582A /* KCommentCell.m */; };
		05ECD86D1CE462BC00A0582A /* KCommentCell.xib in Resources */ = {isa = PBXBuildFile; fileRef = 05ECD86B1CE462BC00A0582A /* KCommentCell.xib */; };
		05ECD8701CE4666500A0582A /* KCommentModel.m in Sources */ = {isa = PBXBuildFile; fileRef = 05ECD86F1CE4666500A0582A /* KCommentModel.m */; };
		25B72F0CD143B850B112A130 /* libPods.a in Frameworks */ = {isa = PBXBuildFile; fileRef = F0D535423ED6E61946912108 /* libPods.a */; };
		5216DB701CDECB5C00B06B3B /* main.m in Sources */ = {isa = PBXBuildFile; fileRef = 5216DB6F1CDECB5C00B06B3B /* main.m */; };
		5216DB891CDECB5C00B06B3B /* kedashixunDemoTests.m in Sources */ = {isa = PBXBuildFile; fileRef = 5216DB881CDECB5C00B06B3B /* kedashixunDemoTests.m */; };
		5216DB941CDECB5C00B06B3B /* kedashixunDemoUITests.m in Sources */ = {isa = PBXBuildFile; fileRef = 5216DB931CDECB5C00B06B3B /* kedashixunDemoUITests.m */; };
		52379EED1CE1DD4900E93767 /* WBPersonalCenterViewController.m in Sources */ = {isa = PBXBuildFile; fileRef = 52379EEC1CE1DD4900E93767 /* WBPersonalCenterViewController.m */; };
		527156721CE35ED0007F7821 /* WBCustomNavView.m in Sources */ = {isa = PBXBuildFile; fileRef = 527156711CE35ED0007F7821 /* WBCustomNavView.m */; };
		527156741CE35EEF007F7821 /* WBCustomNavView.xib in Resources */ = {isa = PBXBuildFile; fileRef = 527156731CE35EEF007F7821 /* WBCustomNavView.xib */; };
		527156781CE36E66007F7821 /* WBMainCell1.m in Sources */ = {isa = PBXBuildFile; fileRef = 527156761CE36E66007F7821 /* WBMainCell1.m */; };
		527156791CE36E66007F7821 /* WBMainCell1.xib in Resources */ = {isa = PBXBuildFile; fileRef = 527156771CE36E66007F7821 /* WBMainCell1.xib */; };
		527156821CE36EE9007F7821 /* WBMainCell2.m in Sources */ = {isa = PBXBuildFile; fileRef = 527156801CE36EE9007F7821 /* WBMainCell2.m */; };
		527156831CE36EE9007F7821 /* WBMainCell2.xib in Resources */ = {isa = PBXBuildFile; fileRef = 527156811CE36EE9007F7821 /* WBMainCell2.xib */; };
		527156871CE36F0D007F7821 /* WBMainCell3.m in Sources */ = {isa = PBXBuildFile; fileRef = 527156851CE36F0D007F7821 /* WBMainCell3.m */; };
		527156881CE36F0D007F7821 /* WBMainCell3.xib in Resources */ = {isa = PBXBuildFile; fileRef = 527156861CE36F0D007F7821 /* WBMainCell3.xib */; };
		52A5280B1CDECD2000499AE7 /* CATransition+PageChangeAnimation.m in Sources */ = {isa = PBXBuildFile; fileRef = 52A527CA1CDECD2000499AE7 /* CATransition+PageChangeAnimation.m */; };
		52A5280C1CDECD2000499AE7 /* UINavigationBar+NavBar_WBCustomBackgroudImage.m in Sources */ = {isa = PBXBuildFile; fileRef = 52A527CD1CDECD2000499AE7 /* UINavigationBar+NavBar_WBCustomBackgroudImage.m */; };
		52A5280D1CDECD2000499AE7 /* UIBarButtonItem+WBCustomButton.m in Sources */ = {isa = PBXBuildFile; fileRef = 52A527D01CDECD2000499AE7 /* UIBarButtonItem+WBCustomButton.m */; };
		52A5280E1CDECD2000499AE7 /* UIColor+HexColor.m in Sources */ = {isa = PBXBuildFile; fileRef = 52A527D31CDECD2000499AE7 /* UIColor+HexColor.m */; };
		52A5280F1CDECD2000499AE7 /* UIImage+WBGetWithColor.m in Sources */ = {isa = PBXBuildFile; fileRef = 52A527D61CDECD2000499AE7 /* UIImage+WBGetWithColor.m */; };
		52A528101CDECD2000499AE7 /* UIView+WBLocation.m in Sources */ = {isa = PBXBuildFile; fileRef = 52A527D91CDECD2000499AE7 /* UIView+WBLocation.m */; };
		52A528111CDECD2000499AE7 /* WBBaseViewController.m in Sources */ = {isa = PBXBuildFile; fileRef = 52A527E21CDECD2000499AE7 /* WBBaseViewController.m */; };
		52A528121CDECD2000499AE7 /* WBNavViewController.m in Sources */ = {isa = PBXBuildFile; fileRef = 52A527E51CDECD2000499AE7 /* WBNavViewController.m */; };
		52A528161CDECD2000499AE7 /* WBTabBarViewController.m in Sources */ = {isa = PBXBuildFile; fileRef = 52A527EF1CDECD2000499AE7 /* WBTabBarViewController.m */; };
		52A528181CDECD2000499AE7 /* WBDBHelper.m in Sources */ = {isa = PBXBuildFile; fileRef = 52A527FA1CDECD2000499AE7 /* WBDBHelper.m */; };
		52A528191CDECD2000499AE7 /* WBDBModel.m in Sources */ = {isa = PBXBuildFile; fileRef = 52A527FC1CDECD2000499AE7 /* WBDBModel.m */; };
		52A5281A1CDECD2000499AE7 /* WBRequestManager.m in Sources */ = {isa = PBXBuildFile; fileRef = 52A528011CDECD2000499AE7 /* WBRequestManager.m */; };
		52A5281B1CDECD2000499AE7 /* WBBaseRequest.m in Sources */ = {isa = PBXBuildFile; fileRef = 52A528041CDECD2000499AE7 /* WBBaseRequest.m */; };
		52A5281C1CDECD2000499AE7 /* WBMessageRequest.m in Sources */ = {isa = PBXBuildFile; fileRef = 52A528071CDECD2000499AE7 /* WBMessageRequest.m */; };
		52A5281D1CDECD2000499AE7 /* WBUserRequest.m in Sources */ = {isa = PBXBuildFile; fileRef = 52A5280A1CDECD2000499AE7 /* WBUserRequest.m */; };
		52A528281CDED65B00499AE7 /* RECommonFunctions.m in Sources */ = {isa = PBXBuildFile; fileRef = 52A528231CDED65B00499AE7 /* RECommonFunctions.m */; };
		52A528291CDED65B00499AE7 /* RESideMenu.m in Sources */ = {isa = PBXBuildFile; fileRef = 52A528251CDED65B00499AE7 /* RESideMenu.m */; };
		52A5282A1CDED65B00499AE7 /* UIViewController+RESideMenu.m in Sources */ = {isa = PBXBuildFile; fileRef = 52A528271CDED65B00499AE7 /* UIViewController+RESideMenu.m */; };
		52A528411CDEDD8200499AE7 /* WBTools.m in Sources */ = {isa = PBXBuildFile; fileRef = 52A528401CDEDD8200499AE7 /* WBTools.m */; };
		52A528431CDEDDCC00499AE7 /* navbar_back@3x.png in Resources */ = {isa = PBXBuildFile; fileRef = 52A528421CDEDDCC00499AE7 /* navbar_back@3x.png */; };
		52A528451CDEE81E00499AE7 /* tabbar_books@3x.png in Resources */ = {isa = PBXBuildFile; fileRef = 52A528441CDEE81E00499AE7 /* tabbar_books@3x.png */; };
		52A5284E1CDF300500499AE7 /* AppDelegate.m in Sources */ = {isa = PBXBuildFile; fileRef = 52A5284C1CDF300500499AE7 /* AppDelegate.m */; };
		52A5284F1CDF300500499AE7 /* Assets.xcassets in Resources */ = {isa = PBXBuildFile; fileRef = 52A5284D1CDF300500499AE7 /* Assets.xcassets */; };
		52A528511CDF301900499AE7 /* LaunchScreen.storyboard in Resources */ = {isa = PBXBuildFile; fileRef = 52A528501CDF301900499AE7 /* LaunchScreen.storyboard */; };
		52A5288B1CDF3A6700499AE7 /* WBMenuViewController.m in Sources */ = {isa = PBXBuildFile; fileRef = 52A528561CDF3A6600499AE7 /* WBMenuViewController.m */; };
		52A5288C1CDF3A6700499AE7 /* WBMenuHeaderView.m in Sources */ = {isa = PBXBuildFile; fileRef = 52A5285A1CDF3A6600499AE7 /* WBMenuHeaderView.m */; };
		52A5288D1CDF3A6700499AE7 /* WBMenuHeaderView.xib in Resources */ = {isa = PBXBuildFile; fileRef = 52A5285B1CDF3A6600499AE7 /* WBMenuHeaderView.xib */; };
		52A5288E1CDF3A6700499AE7 /* WBGuidanceViewController.m in Sources */ = {isa = PBXBuildFile; fileRef = 52A528601CDF3A6600499AE7 /* WBGuidanceViewController.m */; };
		52A5288F1CDF3A6700499AE7 /* WBPhoneBookViewController.m in Sources */ = {isa = PBXBuildFile; fileRef = 52A528671CDF3A6700499AE7 /* WBPhoneBookViewController.m */; };
		52A528901CDF3A6700499AE7 /* CATransition+PageChangeAnimation.m in Sources */ = {isa = PBXBuildFile; fileRef = 52A5286D1CDF3A6700499AE7 /* CATransition+PageChangeAnimation.m */; };
		52A528911CDF3A6700499AE7 /* UINavigationBar+NavBar_WBCustomBackgroudImage.m in Sources */ = {isa = PBXBuildFile; fileRef = 52A528701CDF3A6700499AE7 /* UINavigationBar+NavBar_WBCustomBackgroudImage.m */; };
		52A528921CDF3A6700499AE7 /* UIBarButtonItem+WBCustomButton.m in Sources */ = {isa = PBXBuildFile; fileRef = 52A528731CDF3A6700499AE7 /* UIBarButtonItem+WBCustomButton.m */; };
		52A528931CDF3A6700499AE7 /* UIColor+HexColor.m in Sources */ = {isa = PBXBuildFile; fileRef = 52A528761CDF3A6700499AE7 /* UIColor+HexColor.m */; };
		52A528941CDF3A6700499AE7 /* UIImage+WBGetWithColor.m in Sources */ = {isa = PBXBuildFile; fileRef = 52A528791CDF3A6700499AE7 /* UIImage+WBGetWithColor.m */; };
		52A528951CDF3A6700499AE7 /* UIView+WBLocation.m in Sources */ = {isa = PBXBuildFile; fileRef = 52A5287C1CDF3A6700499AE7 /* UIView+WBLocation.m */; };
		52A528961CDF3A6700499AE7 /* WBForumViewController.m in Sources */ = {isa = PBXBuildFile; fileRef = 52A528811CDF3A6700499AE7 /* WBForumViewController.m */; };
		52A528971CDF3A6700499AE7 /* WBMainViewController.m in Sources */ = {isa = PBXBuildFile; fileRef = 52A528881CDF3A6700499AE7 /* WBMainViewController.m */; };
		52A5289B1CDF3DB600499AE7 /* WBMenuTableViewCell.m in Sources */ = {isa = PBXBuildFile; fileRef = 52A528991CDF3DB600499AE7 /* WBMenuTableViewCell.m */; };
		52A5289C1CDF3DB600499AE7 /* WBMenuTableViewCell.xib in Resources */ = {isa = PBXBuildFile; fileRef = 52A5289A1CDF3DB600499AE7 /* WBMenuTableViewCell.xib */; };
		52A5289E1CDF414900499AE7 /* WBMenuViewController.xib in Resources */ = {isa = PBXBuildFile; fileRef = 52A5289D1CDF414900499AE7 /* WBMenuViewController.xib */; };
		52A528A01CDF4AC600499AE7 /* background_blue@3x.png in Resources */ = {isa = PBXBuildFile; fileRef = 52A5289F1CDF4AC600499AE7 /* background_blue@3x.png */; };
		52A528A21CDF4AE500499AE7 /* background_dream@3x.png in Resources */ = {isa = PBXBuildFile; fileRef = 52A528A11CDF4AE500499AE7 /* background_dream@3x.png */; };
/* End PBXBuildFile section */

/* Begin PBXContainerItemProxy section */
		5216DB851CDECB5C00B06B3B /* PBXContainerItemProxy */ = {
			isa = PBXContainerItemProxy;
			containerPortal = 5216DB631CDECB5C00B06B3B /* Project object */;
			proxyType = 1;
			remoteGlobalIDString = 5216DB6A1CDECB5C00B06B3B;
			remoteInfo = kedashixunDemo;
		};
		5216DB901CDECB5C00B06B3B /* PBXContainerItemProxy */ = {
			isa = PBXContainerItemProxy;
			containerPortal = 5216DB631CDECB5C00B06B3B /* Project object */;
			proxyType = 1;
			remoteGlobalIDString = 5216DB6A1CDECB5C00B06B3B;
			remoteInfo = kedashixunDemo;
		};
/* End PBXContainerItemProxy section */

/* Begin PBXFileReference section */
		053AF2761CE21415000ACB9D /* KTopicDetailVC.h */ = {isa = PBXFileReference; fileEncoding = 4; lastKnownFileType = sourcecode.c.h; path = KTopicDetailVC.h; sourceTree = "<group>"; };
		053AF2771CE21415000ACB9D /* KTopicDetailVC.m */ = {isa = PBXFileReference; fileEncoding = 4; lastKnownFileType = sourcecode.c.objc; path = KTopicDetailVC.m; sourceTree = "<group>"; };
		057BDD381CDF430300F03911 /* WBCustonSegment.h */ = {isa = PBXFileReference; fileEncoding = 4; lastKnownFileType = sourcecode.c.h; path = WBCustonSegment.h; sourceTree = "<group>"; };
		057BDD391CDF430300F03911 /* WBCustonSegment.m */ = {isa = PBXFileReference; fileEncoding = 4; lastKnownFileType = sourcecode.c.objc; path = WBCustonSegment.m; sourceTree = "<group>"; };
		057BDD3B1CDF479500F03911 /* KTopicCell.h */ = {isa = PBXFileReference; fileEncoding = 4; lastKnownFileType = sourcecode.c.h; path = KTopicCell.h; sourceTree = "<group>"; };
		057BDD3C1CDF479500F03911 /* KTopicCell.m */ = {isa = PBXFileReference; fileEncoding = 4; lastKnownFileType = sourcecode.c.objc; path = KTopicCell.m; sourceTree = "<group>"; };
		057BDD3E1CDF47B400F03911 /* KTopicModel.h */ = {isa = PBXFileReference; fileEncoding = 4; lastKnownFileType = sourcecode.c.h; path = KTopicModel.h; sourceTree = "<group>"; };
		057BDD3F1CDF47B400F03911 /* KTopicModel.m */ = {isa = PBXFileReference; fileEncoding = 4; lastKnownFileType = sourcecode.c.objc; path = KTopicModel.m; sourceTree = "<group>"; };
		057BDD411CDF47C200F03911 /* KTopicFrameModel.h */ = {isa = PBXFileReference; fileEncoding = 4; lastKnownFileType = sourcecode.c.h; path = KTopicFrameModel.h; sourceTree = "<group>"; };
		057BDD421CDF47C200F03911 /* KTopicFrameModel.m */ = {isa = PBXFileReference; fileEncoding = 4; lastKnownFileType = sourcecode.c.objc; path = KTopicFrameModel.m; sourceTree = "<group>"; };
		05C87CBF1CE3679800BFBA0F /* KTopicHeaderFrameModel.h */ = {isa = PBXFileReference; fileEncoding = 4; lastKnownFileType = sourcecode.c.h; path = KTopicHeaderFrameModel.h; sourceTree = "<group>"; };
		05C87CC01CE3679800BFBA0F /* KTopicHeaderFrameModel.m */ = {isa = PBXFileReference; fileEncoding = 4; lastKnownFileType = sourcecode.c.objc; path = KTopicHeaderFrameModel.m; sourceTree = "<group>"; };
		05C87CC51CE3681E00BFBA0F /* KTopicDetailHeader.h */ = {isa = PBXFileReference; fileEncoding = 4; lastKnownFileType = sourcecode.c.h; path = KTopicDetailHeader.h; sourceTree = "<group>"; };
		05C87CC61CE3681E00BFBA0F /* KTopicDetailHeader.m */ = {isa = PBXFileReference; fileEncoding = 4; lastKnownFileType = sourcecode.c.objc; path = KTopicDetailHeader.m; sourceTree = "<group>"; };
		05ECD85F1CE45E6B00A0582A /* KCommentCountView.h */ = {isa = PBXFileReference; fileEncoding = 4; lastKnownFileType = sourcecode.c.h; path = KCommentCountView.h; sourceTree = "<group>"; };
		05ECD8601CE45E6B00A0582A /* KCommentCountView.m */ = {isa = PBXFileReference; fileEncoding = 4; lastKnownFileType = sourcecode.c.objc; path = KCommentCountView.m; sourceTree = "<group>"; };
		05ECD8621CE45E7A00A0582A /* KCommentCountView.xib */ = {isa = PBXFileReference; fileEncoding = 4; lastKnownFileType = file.xib; path = KCommentCountView.xib; sourceTree = "<group>"; };
		05ECD8641CE4627F00A0582A /* KBottomCommentView.h */ = {isa = PBXFileReference; fileEncoding = 4; lastKnownFileType = sourcecode.c.h; path = KBottomCommentView.h; sourceTree = "<group>"; };
		05ECD8651CE4627F00A0582A /* KBottomCommentView.m */ = {isa = PBXFileReference; fileEncoding = 4; lastKnownFileType = sourcecode.c.objc; path = KBottomCommentView.m; sourceTree = "<group>"; };
		05ECD8671CE4629000A0582A /* KBottomCommentView.xib */ = {isa = PBXFileReference; fileEncoding = 4; lastKnownFileType = file.xib; path = KBottomCommentView.xib; sourceTree = "<group>"; };
		05ECD8691CE462BC00A0582A /* KCommentCell.h */ = {isa = PBXFileReference; fileEncoding = 4; lastKnownFileType = sourcecode.c.h; path = KCommentCell.h; sourceTree = "<group>"; };
		05ECD86A1CE462BC00A0582A /* KCommentCell.m */ = {isa = PBXFileReference; fileEncoding = 4; lastKnownFileType = sourcecode.c.objc; path = KCommentCell.m; sourceTree = "<group>"; };
		05ECD86B1CE462BC00A0582A /* KCommentCell.xib */ = {isa = PBXFileReference; fileEncoding = 4; lastKnownFileType = file.xib; path = KCommentCell.xib; sourceTree = "<group>"; };
		05ECD86E1CE4666500A0582A /* KCommentModel.h */ = {isa = PBXFileReference; fileEncoding = 4; lastKnownFileType = sourcecode.c.h; path = KCommentModel.h; sourceTree = "<group>"; };
		05ECD86F1CE4666500A0582A /* KCommentModel.m */ = {isa = PBXFileReference; fileEncoding = 4; lastKnownFileType = sourcecode.c.objc; path = KCommentModel.m; sourceTree = "<group>"; };
		0F1BB20647A92F384047403D /* Pods.debug.xcconfig */ = {isa = PBXFileReference; includeInIndex = 1; lastKnownFileType = text.xcconfig; name = Pods.debug.xcconfig; path = "Pods/Target Support Files/Pods/Pods.debug.xcconfig"; sourceTree = "<group>"; };
		5216DB6B1CDECB5C00B06B3B /* kedashixunDemo.app */ = {isa = PBXFileReference; explicitFileType = wrapper.application; includeInIndex = 0; path = kedashixunDemo.app; sourceTree = BUILT_PRODUCTS_DIR; };
		5216DB6F1CDECB5C00B06B3B /* main.m */ = {isa = PBXFileReference; lastKnownFileType = sourcecode.c.objc; path = main.m; sourceTree = "<group>"; };
		5216DB7F1CDECB5C00B06B3B /* Info.plist */ = {isa = PBXFileReference; lastKnownFileType = text.plist.xml; path = Info.plist; sourceTree = "<group>"; };
		5216DB841CDECB5C00B06B3B /* kedashixunDemoTests.xctest */ = {isa = PBXFileReference; explicitFileType = wrapper.cfbundle; includeInIndex = 0; path = kedashixunDemoTests.xctest; sourceTree = BUILT_PRODUCTS_DIR; };
		5216DB881CDECB5C00B06B3B /* kedashixunDemoTests.m */ = {isa = PBXFileReference; lastKnownFileType = sourcecode.c.objc; path = kedashixunDemoTests.m; sourceTree = "<group>"; };
		5216DB8A1CDECB5C00B06B3B /* Info.plist */ = {isa = PBXFileReference; lastKnownFileType = text.plist.xml; path = Info.plist; sourceTree = "<group>"; };
		5216DB8F1CDECB5C00B06B3B /* kedashixunDemoUITests.xctest */ = {isa = PBXFileReference; explicitFileType = wrapper.cfbundle; includeInIndex = 0; path = kedashixunDemoUITests.xctest; sourceTree = BUILT_PRODUCTS_DIR; };
		5216DB931CDECB5C00B06B3B /* kedashixunDemoUITests.m */ = {isa = PBXFileReference; lastKnownFileType = sourcecode.c.objc; path = kedashixunDemoUITests.m; sourceTree = "<group>"; };
		5216DB951CDECB5C00B06B3B /* Info.plist */ = {isa = PBXFileReference; lastKnownFileType = text.plist.xml; path = Info.plist; sourceTree = "<group>"; };
		52379EEB1CE1DD4900E93767 /* WBPersonalCenterViewController.h */ = {isa = PBXFileReference; fileEncoding = 4; lastKnownFileType = sourcecode.c.h; path = WBPersonalCenterViewController.h; sourceTree = "<group>"; };
		52379EEC1CE1DD4900E93767 /* WBPersonalCenterViewController.m */ = {isa = PBXFileReference; fileEncoding = 4; lastKnownFileType = sourcecode.c.objc; path = WBPersonalCenterViewController.m; sourceTree = "<group>"; };
		527156701CE35ED0007F7821 /* WBCustomNavView.h */ = {isa = PBXFileReference; fileEncoding = 4; lastKnownFileType = sourcecode.c.h; path = WBCustomNavView.h; sourceTree = "<group>"; };
		527156711CE35ED0007F7821 /* WBCustomNavView.m */ = {isa = PBXFileReference; fileEncoding = 4; lastKnownFileType = sourcecode.c.objc; path = WBCustomNavView.m; sourceTree = "<group>"; };
		527156731CE35EEF007F7821 /* WBCustomNavView.xib */ = {isa = PBXFileReference; fileEncoding = 4; lastKnownFileType = file.xib; path = WBCustomNavView.xib; sourceTree = "<group>"; };
		527156751CE36E66007F7821 /* WBMainCell1.h */ = {isa = PBXFileReference; fileEncoding = 4; lastKnownFileType = sourcecode.c.h; path = WBMainCell1.h; sourceTree = "<group>"; };
		527156761CE36E66007F7821 /* WBMainCell1.m */ = {isa = PBXFileReference; fileEncoding = 4; lastKnownFileType = sourcecode.c.objc; path = WBMainCell1.m; sourceTree = "<group>"; };
		527156771CE36E66007F7821 /* WBMainCell1.xib */ = {isa = PBXFileReference; fileEncoding = 4; lastKnownFileType = file.xib; path = WBMainCell1.xib; sourceTree = "<group>"; };
		5271567F1CE36EE9007F7821 /* WBMainCell2.h */ = {isa = PBXFileReference; fileEncoding = 4; lastKnownFileType = sourcecode.c.h; path = WBMainCell2.h; sourceTree = "<group>"; };
		527156801CE36EE9007F7821 /* WBMainCell2.m */ = {isa = PBXFileReference; fileEncoding = 4; lastKnownFileType = sourcecode.c.objc; path = WBMainCell2.m; sourceTree = "<group>"; };
		527156811CE36EE9007F7821 /* WBMainCell2.xib */ = {isa = PBXFileReference; fileEncoding = 4; lastKnownFileType = file.xib; path = WBMainCell2.xib; sourceTree = "<group>"; };
		527156841CE36F0D007F7821 /* WBMainCell3.h */ = {isa = PBXFileReference; fileEncoding = 4; lastKnownFileType = sourcecode.c.h; path = WBMainCell3.h; sourceTree = "<group>"; };
		527156851CE36F0D007F7821 /* WBMainCell3.m */ = {isa = PBXFileReference; fileEncoding = 4; lastKnownFileType = sourcecode.c.objc; path = WBMainCell3.m; sourceTree = "<group>"; };
		527156861CE36F0D007F7821 /* WBMainCell3.xib */ = {isa = PBXFileReference; fileEncoding = 4; lastKnownFileType = file.xib; path = WBMainCell3.xib; sourceTree = "<group>"; };
		52A527C91CDECD2000499AE7 /* CATransition+PageChangeAnimation.h */ = {isa = PBXFileReference; fileEncoding = 4; lastKnownFileType = sourcecode.c.h; path = "CATransition+PageChangeAnimation.h"; sourceTree = "<group>"; };
		52A527CA1CDECD2000499AE7 /* CATransition+PageChangeAnimation.m */ = {isa = PBXFileReference; fileEncoding = 4; lastKnownFileType = sourcecode.c.objc; path = "CATransition+PageChangeAnimation.m"; sourceTree = "<group>"; };
		52A527CC1CDECD2000499AE7 /* UINavigationBar+NavBar_WBCustomBackgroudImage.h */ = {isa = PBXFileReference; fileEncoding = 4; lastKnownFileType = sourcecode.c.h; path = "UINavigationBar+NavBar_WBCustomBackgroudImage.h"; sourceTree = "<group>"; };
		52A527CD1CDECD2000499AE7 /* UINavigationBar+NavBar_WBCustomBackgroudImage.m */ = {isa = PBXFileReference; fileEncoding = 4; lastKnownFileType = sourcecode.c.objc; path = "UINavigationBar+NavBar_WBCustomBackgroudImage.m"; sourceTree = "<group>"; };
		52A527CF1CDECD2000499AE7 /* UIBarButtonItem+WBCustomButton.h */ = {isa = PBXFileReference; fileEncoding = 4; lastKnownFileType = sourcecode.c.h; path = "UIBarButtonItem+WBCustomButton.h"; sourceTree = "<group>"; };
		52A527D01CDECD2000499AE7 /* UIBarButtonItem+WBCustomButton.m */ = {isa = PBXFileReference; fileEncoding = 4; lastKnownFileType = sourcecode.c.objc; path = "UIBarButtonItem+WBCustomButton.m"; sourceTree = "<group>"; };
		52A527D21CDECD2000499AE7 /* UIColor+HexColor.h */ = {isa = PBXFileReference; fileEncoding = 4; lastKnownFileType = sourcecode.c.h; path = "UIColor+HexColor.h"; sourceTree = "<group>"; };
		52A527D31CDECD2000499AE7 /* UIColor+HexColor.m */ = {isa = PBXFileReference; fileEncoding = 4; lastKnownFileType = sourcecode.c.objc; path = "UIColor+HexColor.m"; sourceTree = "<group>"; };
		52A527D51CDECD2000499AE7 /* UIImage+WBGetWithColor.h */ = {isa = PBXFileReference; fileEncoding = 4; lastKnownFileType = sourcecode.c.h; path = "UIImage+WBGetWithColor.h"; sourceTree = "<group>"; };
		52A527D61CDECD2000499AE7 /* UIImage+WBGetWithColor.m */ = {isa = PBXFileReference; fileEncoding = 4; lastKnownFileType = sourcecode.c.objc; path = "UIImage+WBGetWithColor.m"; sourceTree = "<group>"; };
		52A527D81CDECD2000499AE7 /* UIView+WBLocation.h */ = {isa = PBXFileReference; fileEncoding = 4; lastKnownFileType = sourcecode.c.h; path = "UIView+WBLocation.h"; sourceTree = "<group>"; };
		52A527D91CDECD2000499AE7 /* UIView+WBLocation.m */ = {isa = PBXFileReference; fileEncoding = 4; lastKnownFileType = sourcecode.c.objc; path = "UIView+WBLocation.m"; sourceTree = "<group>"; };
		52A527E11CDECD2000499AE7 /* WBBaseViewController.h */ = {isa = PBXFileReference; fileEncoding = 4; lastKnownFileType = sourcecode.c.h; path = WBBaseViewController.h; sourceTree = "<group>"; };
		52A527E21CDECD2000499AE7 /* WBBaseViewController.m */ = {isa = PBXFileReference; fileEncoding = 4; lastKnownFileType = sourcecode.c.objc; path = WBBaseViewController.m; sourceTree = "<group>"; };
		52A527E41CDECD2000499AE7 /* WBNavViewController.h */ = {isa = PBXFileReference; fileEncoding = 4; lastKnownFileType = sourcecode.c.h; path = WBNavViewController.h; sourceTree = "<group>"; };
		52A527E51CDECD2000499AE7 /* WBNavViewController.m */ = {isa = PBXFileReference; fileEncoding = 4; lastKnownFileType = sourcecode.c.objc; path = WBNavViewController.m; sourceTree = "<group>"; };
		52A527EE1CDECD2000499AE7 /* WBTabBarViewController.h */ = {isa = PBXFileReference; fileEncoding = 4; lastKnownFileType = sourcecode.c.h; path = WBTabBarViewController.h; sourceTree = "<group>"; };
		52A527EF1CDECD2000499AE7 /* WBTabBarViewController.m */ = {isa = PBXFileReference; fileEncoding = 4; lastKnownFileType = sourcecode.c.objc; path = WBTabBarViewController.m; sourceTree = "<group>"; };
		52A527F91CDECD2000499AE7 /* WBDBHelper.h */ = {isa = PBXFileReference; fileEncoding = 4; lastKnownFileType = sourcecode.c.h; path = WBDBHelper.h; sourceTree = "<group>"; };
		52A527FA1CDECD2000499AE7 /* WBDBHelper.m */ = {isa = PBXFileReference; fileEncoding = 4; lastKnownFileType = sourcecode.c.objc; path = WBDBHelper.m; sourceTree = "<group>"; };
		52A527FB1CDECD2000499AE7 /* WBDBModel.h */ = {isa = PBXFileReference; fileEncoding = 4; lastKnownFileType = sourcecode.c.h; path = WBDBModel.h; sourceTree = "<group>"; };
		52A527FC1CDECD2000499AE7 /* WBDBModel.m */ = {isa = PBXFileReference; fileEncoding = 4; lastKnownFileType = sourcecode.c.objc; path = WBDBModel.m; sourceTree = "<group>"; };
		52A527FE1CDECD2000499AE7 /* WBRequest.h */ = {isa = PBXFileReference; fileEncoding = 4; lastKnownFileType = sourcecode.c.h; path = WBRequest.h; sourceTree = "<group>"; };
		52A528001CDECD2000499AE7 /* WBRequestManager.h */ = {isa = PBXFileReference; fileEncoding = 4; lastKnownFileType = sourcecode.c.h; path = WBRequestManager.h; sourceTree = "<group>"; };
		52A528011CDECD2000499AE7 /* WBRequestManager.m */ = {isa = PBXFileReference; fileEncoding = 4; lastKnownFileType = sourcecode.c.objc; path = WBRequestManager.m; sourceTree = "<group>"; };
		52A528031CDECD2000499AE7 /* WBBaseRequest.h */ = {isa = PBXFileReference; fileEncoding = 4; lastKnownFileType = sourcecode.c.h; path = WBBaseRequest.h; sourceTree = "<group>"; };
		52A528041CDECD2000499AE7 /* WBBaseRequest.m */ = {isa = PBXFileReference; fileEncoding = 4; lastKnownFileType = sourcecode.c.objc; path = WBBaseRequest.m; sourceTree = "<group>"; };
		52A528061CDECD2000499AE7 /* WBMessageRequest.h */ = {isa = PBXFileReference; fileEncoding = 4; lastKnownFileType = sourcecode.c.h; path = WBMessageRequest.h; sourceTree = "<group>"; };
		52A528071CDECD2000499AE7 /* WBMessageRequest.m */ = {isa = PBXFileReference; fileEncoding = 4; lastKnownFileType = sourcecode.c.objc; path = WBMessageRequest.m; sourceTree = "<group>"; };
		52A528091CDECD2000499AE7 /* WBUserRequest.h */ = {isa = PBXFileReference; fileEncoding = 4; lastKnownFileType = sourcecode.c.h; path = WBUserRequest.h; sourceTree = "<group>"; };
		52A5280A1CDECD2000499AE7 /* WBUserRequest.m */ = {isa = PBXFileReference; fileEncoding = 4; lastKnownFileType = sourcecode.c.objc; path = WBUserRequest.m; sourceTree = "<group>"; };
		52A5281E1CDECD4000499AE7 /* Const.h */ = {isa = PBXFileReference; fileEncoding = 4; lastKnownFileType = sourcecode.c.h; path = Const.h; sourceTree = "<group>"; };
		52A528221CDED65B00499AE7 /* RECommonFunctions.h */ = {isa = PBXFileReference; fileEncoding = 4; lastKnownFileType = sourcecode.c.h; path = RECommonFunctions.h; sourceTree = "<group>"; };
		52A528231CDED65B00499AE7 /* RECommonFunctions.m */ = {isa = PBXFileReference; fileEncoding = 4; lastKnownFileType = sourcecode.c.objc; path = RECommonFunctions.m; sourceTree = "<group>"; };
		52A528241CDED65B00499AE7 /* RESideMenu.h */ = {isa = PBXFileReference; fileEncoding = 4; lastKnownFileType = sourcecode.c.h; path = RESideMenu.h; sourceTree = "<group>"; };
		52A528251CDED65B00499AE7 /* RESideMenu.m */ = {isa = PBXFileReference; fileEncoding = 4; lastKnownFileType = sourcecode.c.objc; path = RESideMenu.m; sourceTree = "<group>"; };
		52A528261CDED65B00499AE7 /* UIViewController+RESideMenu.h */ = {isa = PBXFileReference; fileEncoding = 4; lastKnownFileType = sourcecode.c.h; path = "UIViewController+RESideMenu.h"; sourceTree = "<group>"; };
		52A528271CDED65B00499AE7 /* UIViewController+RESideMenu.m */ = {isa = PBXFileReference; fileEncoding = 4; lastKnownFileType = sourcecode.c.objc; path = "UIViewController+RESideMenu.m"; sourceTree = "<group>"; };
		52A5283F1CDEDD8200499AE7 /* WBTools.h */ = {isa = PBXFileReference; fileEncoding = 4; lastKnownFileType = sourcecode.c.h; path = WBTools.h; sourceTree = "<group>"; };
		52A528401CDEDD8200499AE7 /* WBTools.m */ = {isa = PBXFileReference; fileEncoding = 4; lastKnownFileType = sourcecode.c.objc; path = WBTools.m; sourceTree = "<group>"; };
		52A528421CDEDDCC00499AE7 /* navbar_back@3x.png */ = {isa = PBXFileReference; lastKnownFileType = image.png; path = "navbar_back@3x.png"; sourceTree = "<group>"; };
		52A528441CDEE81E00499AE7 /* tabbar_books@3x.png */ = {isa = PBXFileReference; lastKnownFileType = image.png; path = "tabbar_books@3x.png"; sourceTree = "<group>"; };
		52A5284B1CDF300500499AE7 /* AppDelegate.h */ = {isa = PBXFileReference; fileEncoding = 4; lastKnownFileType = sourcecode.c.h; path = AppDelegate.h; sourceTree = "<group>"; };
		52A5284C1CDF300500499AE7 /* AppDelegate.m */ = {isa = PBXFileReference; fileEncoding = 4; lastKnownFileType = sourcecode.c.objc; path = AppDelegate.m; sourceTree = "<group>"; };
		52A5284D1CDF300500499AE7 /* Assets.xcassets */ = {isa = PBXFileReference; lastKnownFileType = folder.assetcatalog; path = Assets.xcassets; sourceTree = "<group>"; };
		52A528501CDF301900499AE7 /* LaunchScreen.storyboard */ = {isa = PBXFileReference; fileEncoding = 4; lastKnownFileType = file.storyboard; path = LaunchScreen.storyboard; sourceTree = "<group>"; };
		52A528551CDF3A6600499AE7 /* WBMenuViewController.h */ = {isa = PBXFileReference; fileEncoding = 4; lastKnownFileType = sourcecode.c.h; path = WBMenuViewController.h; sourceTree = "<group>"; };
		52A528561CDF3A6600499AE7 /* WBMenuViewController.m */ = {isa = PBXFileReference; fileEncoding = 4; lastKnownFileType = sourcecode.c.objc; path = WBMenuViewController.m; sourceTree = "<group>"; };
		52A528591CDF3A6600499AE7 /* WBMenuHeaderView.h */ = {isa = PBXFileReference; fileEncoding = 4; lastKnownFileType = sourcecode.c.h; path = WBMenuHeaderView.h; sourceTree = "<group>"; };
		52A5285A1CDF3A6600499AE7 /* WBMenuHeaderView.m */ = {isa = PBXFileReference; fileEncoding = 4; lastKnownFileType = sourcecode.c.objc; path = WBMenuHeaderView.m; sourceTree = "<group>"; };
		52A5285B1CDF3A6600499AE7 /* WBMenuHeaderView.xib */ = {isa = PBXFileReference; fileEncoding = 4; lastKnownFileType = file.xib; path = WBMenuHeaderView.xib; sourceTree = "<group>"; };
		52A5285F1CDF3A6600499AE7 /* WBGuidanceViewController.h */ = {isa = PBXFileReference; fileEncoding = 4; lastKnownFileType = sourcecode.c.h; path = WBGuidanceViewController.h; sourceTree = "<group>"; };
		52A528601CDF3A6600499AE7 /* WBGuidanceViewController.m */ = {isa = PBXFileReference; fileEncoding = 4; lastKnownFileType = sourcecode.c.objc; path = WBGuidanceViewController.m; sourceTree = "<group>"; };
		52A528661CDF3A6700499AE7 /* WBPhoneBookViewController.h */ = {isa = PBXFileReference; fileEncoding = 4; lastKnownFileType = sourcecode.c.h; path = WBPhoneBookViewController.h; sourceTree = "<group>"; };
		52A528671CDF3A6700499AE7 /* WBPhoneBookViewController.m */ = {isa = PBXFileReference; fileEncoding = 4; lastKnownFileType = sourcecode.c.objc; path = WBPhoneBookViewController.m; sourceTree = "<group>"; };
		52A5286C1CDF3A6700499AE7 /* CATransition+PageChangeAnimation.h */ = {isa = PBXFileReference; fileEncoding = 4; lastKnownFileType = sourcecode.c.h; path = "CATransition+PageChangeAnimation.h"; sourceTree = "<group>"; };
		52A5286D1CDF3A6700499AE7 /* CATransition+PageChangeAnimation.m */ = {isa = PBXFileReference; fileEncoding = 4; lastKnownFileType = sourcecode.c.objc; path = "CATransition+PageChangeAnimation.m"; sourceTree = "<group>"; };
		52A5286F1CDF3A6700499AE7 /* UINavigationBar+NavBar_WBCustomBackgroudImage.h */ = {isa = PBXFileReference; fileEncoding = 4; lastKnownFileType = sourcecode.c.h; path = "UINavigationBar+NavBar_WBCustomBackgroudImage.h"; sourceTree = "<group>"; };
		52A528701CDF3A6700499AE7 /* UINavigationBar+NavBar_WBCustomBackgroudImage.m */ = {isa = PBXFileReference; fileEncoding = 4; lastKnownFileType = sourcecode.c.objc; path = "UINavigationBar+NavBar_WBCustomBackgroudImage.m"; sourceTree = "<group>"; };
		52A528721CDF3A6700499AE7 /* UIBarButtonItem+WBCustomButton.h */ = {isa = PBXFileReference; fileEncoding = 4; lastKnownFileType = sourcecode.c.h; path = "UIBarButtonItem+WBCustomButton.h"; sourceTree = "<group>"; };
		52A528731CDF3A6700499AE7 /* UIBarButtonItem+WBCustomButton.m */ = {isa = PBXFileReference; fileEncoding = 4; lastKnownFileType = sourcecode.c.objc; path = "UIBarButtonItem+WBCustomButton.m"; sourceTree = "<group>"; };
		52A528751CDF3A6700499AE7 /* UIColor+HexColor.h */ = {isa = PBXFileReference; fileEncoding = 4; lastKnownFileType = sourcecode.c.h; path = "UIColor+HexColor.h"; sourceTree = "<group>"; };
		52A528761CDF3A6700499AE7 /* UIColor+HexColor.m */ = {isa = PBXFileReference; fileEncoding = 4; lastKnownFileType = sourcecode.c.objc; path = "UIColor+HexColor.m"; sourceTree = "<group>"; };
		52A528781CDF3A6700499AE7 /* UIImage+WBGetWithColor.h */ = {isa = PBXFileReference; fileEncoding = 4; lastKnownFileType = sourcecode.c.h; path = "UIImage+WBGetWithColor.h"; sourceTree = "<group>"; };
		52A528791CDF3A6700499AE7 /* UIImage+WBGetWithColor.m */ = {isa = PBXFileReference; fileEncoding = 4; lastKnownFileType = sourcecode.c.objc; path = "UIImage+WBGetWithColor.m"; sourceTree = "<group>"; };
		52A5287B1CDF3A6700499AE7 /* UIView+WBLocation.h */ = {isa = PBXFileReference; fileEncoding = 4; lastKnownFileType = sourcecode.c.h; path = "UIView+WBLocation.h"; sourceTree = "<group>"; };
		52A5287C1CDF3A6700499AE7 /* UIView+WBLocation.m */ = {isa = PBXFileReference; fileEncoding = 4; lastKnownFileType = sourcecode.c.objc; path = "UIView+WBLocation.m"; sourceTree = "<group>"; };
		52A528801CDF3A6700499AE7 /* WBForumViewController.h */ = {isa = PBXFileReference; fileEncoding = 4; lastKnownFileType = sourcecode.c.h; path = WBForumViewController.h; sourceTree = "<group>"; };
		52A528811CDF3A6700499AE7 /* WBForumViewController.m */ = {isa = PBXFileReference; fileEncoding = 4; lastKnownFileType = sourcecode.c.objc; path = WBForumViewController.m; sourceTree = "<group>"; };
		52A528871CDF3A6700499AE7 /* WBMainViewController.h */ = {isa = PBXFileReference; fileEncoding = 4; lastKnownFileType = sourcecode.c.h; path = WBMainViewController.h; sourceTree = "<group>"; };
		52A528881CDF3A6700499AE7 /* WBMainViewController.m */ = {isa = PBXFileReference; fileEncoding = 4; lastKnownFileType = sourcecode.c.objc; path = WBMainViewController.m; sourceTree = "<group>"; };
		52A528981CDF3DB600499AE7 /* WBMenuTableViewCell.h */ = {isa = PBXFileReference; fileEncoding = 4; lastKnownFileType = sourcecode.c.h; path = WBMenuTableViewCell.h; sourceTree = "<group>"; };
		52A528991CDF3DB600499AE7 /* WBMenuTableViewCell.m */ = {isa = PBXFileReference; fileEncoding = 4; lastKnownFileType = sourcecode.c.objc; path = WBMenuTableViewCell.m; sourceTree = "<group>"; };
		52A5289A1CDF3DB600499AE7 /* WBMenuTableViewCell.xib */ = {isa = PBXFileReference; fileEncoding = 4; lastKnownFileType = file.xib; path = WBMenuTableViewCell.xib; sourceTree = "<group>"; };
		52A5289D1CDF414900499AE7 /* WBMenuViewController.xib */ = {isa = PBXFileReference; fileEncoding = 4; lastKnownFileType = file.xib; path = WBMenuViewController.xib; sourceTree = "<group>"; };
		52A5289F1CDF4AC600499AE7 /* background_blue@3x.png */ = {isa = PBXFileReference; lastKnownFileType = image.png; path = "background_blue@3x.png"; sourceTree = "<group>"; };
		52A528A11CDF4AE500499AE7 /* background_dream@3x.png */ = {isa = PBXFileReference; lastKnownFileType = image.png; path = "background_dream@3x.png"; sourceTree = "<group>"; };
		5ABD5ADE04E1BB1D4220B79C /* Pods.release.xcconfig */ = {isa = PBXFileReference; includeInIndex = 1; lastKnownFileType = text.xcconfig; name = Pods.release.xcconfig; path = "Pods/Target Support Files/Pods/Pods.release.xcconfig"; sourceTree = "<group>"; };
		F0D535423ED6E61946912108 /* libPods.a */ = {isa = PBXFileReference; explicitFileType = archive.ar; includeInIndex = 0; path = libPods.a; sourceTree = BUILT_PRODUCTS_DIR; };
/* End PBXFileReference section */

/* Begin PBXFrameworksBuildPhase section */
		5216DB681CDECB5C00B06B3B /* Frameworks */ = {
			isa = PBXFrameworksBuildPhase;
			buildActionMask = 2147483647;
			files = (
				25B72F0CD143B850B112A130 /* libPods.a in Frameworks */,
			);
			runOnlyForDeploymentPostprocessing = 0;
		};
		5216DB811CDECB5C00B06B3B /* Frameworks */ = {
			isa = PBXFrameworksBuildPhase;
			buildActionMask = 2147483647;
			files = (
			);
			runOnlyForDeploymentPostprocessing = 0;
		};
		5216DB8C1CDECB5C00B06B3B /* Frameworks */ = {
			isa = PBXFrameworksBuildPhase;
			buildActionMask = 2147483647;
			files = (
			);
			runOnlyForDeploymentPostprocessing = 0;
		};
/* End PBXFrameworksBuildPhase section */

/* Begin PBXGroup section */
		5216DB621CDECB5C00B06B3B = {
			isa = PBXGroup;
			children = (
				5216DB6D1CDECB5C00B06B3B /* kedashixunDemo */,
				5216DB871CDECB5C00B06B3B /* kedashixunDemoTests */,
				5216DB921CDECB5C00B06B3B /* kedashixunDemoUITests */,
				5216DB6C1CDECB5C00B06B3B /* Products */,
				D1A5A28B70EF87215E6CFEE4 /* Pods */,
				59E59F729B36E56D7B03D9D5 /* Frameworks */,
			);
			sourceTree = "<group>";
		};
		5216DB6C1CDECB5C00B06B3B /* Products */ = {
			isa = PBXGroup;
			children = (
				5216DB6B1CDECB5C00B06B3B /* kedashixunDemo.app */,
				5216DB841CDECB5C00B06B3B /* kedashixunDemoTests.xctest */,
				5216DB8F1CDECB5C00B06B3B /* kedashixunDemoUITests.xctest */,
			);
			name = Products;
			sourceTree = "<group>";
		};
		5216DB6D1CDECB5C00B06B3B /* kedashixunDemo */ = {
			isa = PBXGroup;
			children = (
				52A528A11CDF4AE500499AE7 /* background_dream@3x.png */,
				52A5289F1CDF4AC600499AE7 /* background_blue@3x.png */,
				52A528441CDEE81E00499AE7 /* tabbar_books@3x.png */,
				52A528421CDEDDCC00499AE7 /* navbar_back@3x.png */,
				52A5281E1CDECD4000499AE7 /* Const.h */,
				52A5281F1CDED5D700499AE7 /* 其他 */,
				52A5286A1CDF3A6700499AE7 /* 分类 */,
				52379EE61CE1DC8C00E93767 /* 个人中心 */,
				52A528521CDF3A6600499AE7 /* 侧滑页 */,
				52A5285C1CDF3A6600499AE7 /* 导航 */,
				52A528631CDF3A6700499AE7 /* 电话簿 */,
				52A5287D1CDF3A6700499AE7 /* 论坛 */,
				52A528841CDF3A6700499AE7 /* 首页 */,
				52A5283E1CDEDD8200499AE7 /* Tools */,
				52A527DF1CDECD2000499AE7 /* 全局类 */,
				52A527C71CDECD2000499AE7 /* 分类 */,
				52A528201CDED63400499AE7 /* 三方 */,
				52A527F51CDECD2000499AE7 /* 数据库 */,
				52A527FD1CDECD2000499AE7 /* 网络 */,
				5216DB6E1CDECB5C00B06B3B /* Supporting Files */,
			);
			path = kedashixunDemo;
			sourceTree = "<group>";
		};
		5216DB6E1CDECB5C00B06B3B /* Supporting Files */ = {
			isa = PBXGroup;
			children = (
				5216DB7F1CDECB5C00B06B3B /* Info.plist */,
				5216DB6F1CDECB5C00B06B3B /* main.m */,
			);
			name = "Supporting Files";
			sourceTree = "<group>";
		};
		5216DB871CDECB5C00B06B3B /* kedashixunDemoTests */ = {
			isa = PBXGroup;
			children = (
				5216DB881CDECB5C00B06B3B /* kedashixunDemoTests.m */,
				5216DB8A1CDECB5C00B06B3B /* Info.plist */,
			);
			path = kedashixunDemoTests;
			sourceTree = "<group>";
		};
		5216DB921CDECB5C00B06B3B /* kedashixunDemoUITests */ = {
			isa = PBXGroup;
			children = (
				5216DB931CDECB5C00B06B3B /* kedashixunDemoUITests.m */,
				5216DB951CDECB5C00B06B3B /* Info.plist */,
			);
			path = kedashixunDemoUITests;
			sourceTree = "<group>";
		};
		52379EE61CE1DC8C00E93767 /* 个人中心 */ = {
			isa = PBXGroup;
			children = (
				52379EEA1CE1DCF000E93767 /* cells */,
				52379EE91CE1DCE200E93767 /* views */,
				52379EE81CE1DCD000E93767 /* models */,
				52379EE71CE1DCB600E93767 /* Controllers */,
			);
			path = "个人中心";
			sourceTree = "<group>";
		};
		52379EE71CE1DCB600E93767 /* Controllers */ = {
			isa = PBXGroup;
			children = (
				52379EEB1CE1DD4900E93767 /* WBPersonalCenterViewController.h */,
				52379EEC1CE1DD4900E93767 /* WBPersonalCenterViewController.m */,
			);
			path = Controllers;
			sourceTree = "<group>";
		};
		52379EE81CE1DCD000E93767 /* models */ = {
			isa = PBXGroup;
			children = (
			);
			path = models;
			sourceTree = "<group>";
		};
		52379EE91CE1DCE200E93767 /* views */ = {
			isa = PBXGroup;
			children = (
			);
			path = views;
			sourceTree = "<group>";
		};
		52379EEA1CE1DCF000E93767 /* cells */ = {
			isa = PBXGroup;
			children = (
			);
			path = cells;
			sourceTree = "<group>";
		};
		52A527C71CDECD2000499AE7 /* 分类 */ = {
			isa = PBXGroup;
			children = (
				52A527C81CDECD2000499AE7 /* CATransition+PageChangeAnimation */,
				52A527CB1CDECD2000499AE7 /* NavBar+WBCustomBackgroud */,
				52A527CE1CDECD2000499AE7 /* UIBarButtonItem+WBCustomButton */,
				52A527D11CDECD2000499AE7 /* UIColor+HexColor */,
				52A527D41CDECD2000499AE7 /* UIImage+GetWithColor */,
				52A527D71CDECD2000499AE7 /* UIView+WBLocation */,
			);
			path = "分类";
			sourceTree = "<group>";
		};
		52A527C81CDECD2000499AE7 /* CATransition+PageChangeAnimation */ = {
			isa = PBXGroup;
			children = (
				52A527C91CDECD2000499AE7 /* CATransition+PageChangeAnimation.h */,
				52A527CA1CDECD2000499AE7 /* CATransition+PageChangeAnimation.m */,
			);
			path = "CATransition+PageChangeAnimation";
			sourceTree = "<group>";
		};
		52A527CB1CDECD2000499AE7 /* NavBar+WBCustomBackgroud */ = {
			isa = PBXGroup;
			children = (
				52A527CC1CDECD2000499AE7 /* UINavigationBar+NavBar_WBCustomBackgroudImage.h */,
				52A527CD1CDECD2000499AE7 /* UINavigationBar+NavBar_WBCustomBackgroudImage.m */,
			);
			path = "NavBar+WBCustomBackgroud";
			sourceTree = "<group>";
		};
		52A527CE1CDECD2000499AE7 /* UIBarButtonItem+WBCustomButton */ = {
			isa = PBXGroup;
			children = (
				52A527CF1CDECD2000499AE7 /* UIBarButtonItem+WBCustomButton.h */,
				52A527D01CDECD2000499AE7 /* UIBarButtonItem+WBCustomButton.m */,
			);
			path = "UIBarButtonItem+WBCustomButton";
			sourceTree = "<group>";
		};
		52A527D11CDECD2000499AE7 /* UIColor+HexColor */ = {
			isa = PBXGroup;
			children = (
				52A527D21CDECD2000499AE7 /* UIColor+HexColor.h */,
				52A527D31CDECD2000499AE7 /* UIColor+HexColor.m */,
			);
			path = "UIColor+HexColor";
			sourceTree = "<group>";
		};
		52A527D41CDECD2000499AE7 /* UIImage+GetWithColor */ = {
			isa = PBXGroup;
			children = (
				52A527D51CDECD2000499AE7 /* UIImage+WBGetWithColor.h */,
				52A527D61CDECD2000499AE7 /* UIImage+WBGetWithColor.m */,
			);
			path = "UIImage+GetWithColor";
			sourceTree = "<group>";
		};
		52A527D71CDECD2000499AE7 /* UIView+WBLocation */ = {
			isa = PBXGroup;
			children = (
				52A527D81CDECD2000499AE7 /* UIView+WBLocation.h */,
				52A527D91CDECD2000499AE7 /* UIView+WBLocation.m */,
			);
			path = "UIView+WBLocation";
			sourceTree = "<group>";
		};
		52A527DF1CDECD2000499AE7 /* 全局类 */ = {
			isa = PBXGroup;
			children = (
				52A527E01CDECD2000499AE7 /* Base */,
				52A527E31CDECD2000499AE7 /* Nav */,
				52A527ED1CDECD2000499AE7 /* TabBar */,
			);
			path = "全局类";
			sourceTree = "<group>";
		};
		52A527E01CDECD2000499AE7 /* Base */ = {
			isa = PBXGroup;
			children = (
				52A527E11CDECD2000499AE7 /* WBBaseViewController.h */,
				52A527E21CDECD2000499AE7 /* WBBaseViewController.m */,
			);
			path = Base;
			sourceTree = "<group>";
		};
		52A527E31CDECD2000499AE7 /* Nav */ = {
			isa = PBXGroup;
			children = (
				52A527E41CDECD2000499AE7 /* WBNavViewController.h */,
				52A527E51CDECD2000499AE7 /* WBNavViewController.m */,
			);
			path = Nav;
			sourceTree = "<group>";
		};
		52A527ED1CDECD2000499AE7 /* TabBar */ = {
			isa = PBXGroup;
			children = (
				52A527EE1CDECD2000499AE7 /* WBTabBarViewController.h */,
				52A527EF1CDECD2000499AE7 /* WBTabBarViewController.m */,
			);
			path = TabBar;
			sourceTree = "<group>";
		};
		52A527F51CDECD2000499AE7 /* 数据库 */ = {
			isa = PBXGroup;
			children = (
				52A527F61CDECD2000499AE7 /* DBModel */,
			);
			path = "数据库";
			sourceTree = "<group>";
		};
		52A527F61CDECD2000499AE7 /* DBModel */ = {
			isa = PBXGroup;
			children = (
				52A527F91CDECD2000499AE7 /* WBDBHelper.h */,
				52A527FA1CDECD2000499AE7 /* WBDBHelper.m */,
				52A527FB1CDECD2000499AE7 /* WBDBModel.h */,
				52A527FC1CDECD2000499AE7 /* WBDBModel.m */,
			);
			path = DBModel;
			sourceTree = "<group>";
		};
		52A527FD1CDECD2000499AE7 /* 网络 */ = {
			isa = PBXGroup;
			children = (
				52A527FE1CDECD2000499AE7 /* WBRequest.h */,
				52A527FF1CDECD2000499AE7 /* 管理类 */,
				52A528021CDECD2000499AE7 /* 请求类 */,
			);
			path = "网络";
			sourceTree = "<group>";
		};
		52A527FF1CDECD2000499AE7 /* 管理类 */ = {
			isa = PBXGroup;
			children = (
				52A528001CDECD2000499AE7 /* WBRequestManager.h */,
				52A528011CDECD2000499AE7 /* WBRequestManager.m */,
			);
			path = "管理类";
			sourceTree = "<group>";
		};
		52A528021CDECD2000499AE7 /* 请求类 */ = {
			isa = PBXGroup;
			children = (
				52A528031CDECD2000499AE7 /* WBBaseRequest.h */,
				52A528041CDECD2000499AE7 /* WBBaseRequest.m */,
				52A528051CDECD2000499AE7 /* 信息请求 */,
				52A528081CDECD2000499AE7 /* 用户请求 */,
			);
			path = "请求类";
			sourceTree = "<group>";
		};
		52A528051CDECD2000499AE7 /* 信息请求 */ = {
			isa = PBXGroup;
			children = (
				52A528061CDECD2000499AE7 /* WBMessageRequest.h */,
				52A528071CDECD2000499AE7 /* WBMessageRequest.m */,
			);
			path = "信息请求";
			sourceTree = "<group>";
		};
		52A528081CDECD2000499AE7 /* 用户请求 */ = {
			isa = PBXGroup;
			children = (
				52A528091CDECD2000499AE7 /* WBUserRequest.h */,
				52A5280A1CDECD2000499AE7 /* WBUserRequest.m */,
			);
			path = "用户请求";
			sourceTree = "<group>";
		};
		52A5281F1CDED5D700499AE7 /* 其他 */ = {
			isa = PBXGroup;
			children = (
				52A5284B1CDF300500499AE7 /* AppDelegate.h */,
				52A5284C1CDF300500499AE7 /* AppDelegate.m */,
				52A528501CDF301900499AE7 /* LaunchScreen.storyboard */,
				52A5284D1CDF300500499AE7 /* Assets.xcassets */,
			);
			path = "其他";
			sourceTree = "<group>";
		};
		52A528201CDED63400499AE7 /* 三方 */ = {
			isa = PBXGroup;
			children = (
				52A528211CDED65B00499AE7 /* RESideMenu */,
			);
			path = "三方";
			sourceTree = "<group>";
		};
		52A528211CDED65B00499AE7 /* RESideMenu */ = {
			isa = PBXGroup;
			children = (
				52A528221CDED65B00499AE7 /* RECommonFunctions.h */,
				52A528231CDED65B00499AE7 /* RECommonFunctions.m */,
				52A528241CDED65B00499AE7 /* RESideMenu.h */,
				52A528251CDED65B00499AE7 /* RESideMenu.m */,
				52A528261CDED65B00499AE7 /* UIViewController+RESideMenu.h */,
				52A528271CDED65B00499AE7 /* UIViewController+RESideMenu.m */,
			);
			path = RESideMenu;
			sourceTree = "<group>";
		};
		52A5283E1CDEDD8200499AE7 /* Tools */ = {
			isa = PBXGroup;
			children = (
				52A5283F1CDEDD8200499AE7 /* WBTools.h */,
				52A528401CDEDD8200499AE7 /* WBTools.m */,
			);
			path = Tools;
			sourceTree = "<group>";
		};
		52A528521CDF3A6600499AE7 /* 侧滑页 */ = {
			isa = PBXGroup;
			children = (
				52A528531CDF3A6600499AE7 /* cells */,
				52A528541CDF3A6600499AE7 /* Controllers */,
				52A528571CDF3A6600499AE7 /* models */,
				52A528581CDF3A6600499AE7 /* views */,
			);
			path = "侧滑页";
			sourceTree = "<group>";
		};
		52A528531CDF3A6600499AE7 /* cells */ = {
			isa = PBXGroup;
			children = (
				52A528981CDF3DB600499AE7 /* WBMenuTableViewCell.h */,
				52A528991CDF3DB600499AE7 /* WBMenuTableViewCell.m */,
				52A5289A1CDF3DB600499AE7 /* WBMenuTableViewCell.xib */,
			);
			path = cells;
			sourceTree = "<group>";
		};
		52A528541CDF3A6600499AE7 /* Controllers */ = {
			isa = PBXGroup;
			children = (
				52A528551CDF3A6600499AE7 /* WBMenuViewController.h */,
				52A528561CDF3A6600499AE7 /* WBMenuViewController.m */,
				52A5289D1CDF414900499AE7 /* WBMenuViewController.xib */,
			);
			path = Controllers;
			sourceTree = "<group>";
		};
		52A528571CDF3A6600499AE7 /* models */ = {
			isa = PBXGroup;
			children = (
			);
			path = models;
			sourceTree = "<group>";
		};
		52A528581CDF3A6600499AE7 /* views */ = {
			isa = PBXGroup;
			children = (
				52A528591CDF3A6600499AE7 /* WBMenuHeaderView.h */,
				52A5285A1CDF3A6600499AE7 /* WBMenuHeaderView.m */,
				52A5285B1CDF3A6600499AE7 /* WBMenuHeaderView.xib */,
			);
			path = views;
			sourceTree = "<group>";
		};
		52A5285C1CDF3A6600499AE7 /* 导航 */ = {
			isa = PBXGroup;
			children = (
				52A5285D1CDF3A6600499AE7 /* cells */,
				52A5285E1CDF3A6600499AE7 /* Controllers */,
				52A528611CDF3A6600499AE7 /* models */,
				52A528621CDF3A6600499AE7 /* views */,
			);
			path = "导航";
			sourceTree = "<group>";
		};
		52A5285D1CDF3A6600499AE7 /* cells */ = {
			isa = PBXGroup;
			children = (
			);
			path = cells;
			sourceTree = "<group>";
		};
		52A5285E1CDF3A6600499AE7 /* Controllers */ = {
			isa = PBXGroup;
			children = (
				52A5285F1CDF3A6600499AE7 /* WBGuidanceViewController.h */,
				52A528601CDF3A6600499AE7 /* WBGuidanceViewController.m */,
			);
			path = Controllers;
			sourceTree = "<group>";
		};
		52A528611CDF3A6600499AE7 /* models */ = {
			isa = PBXGroup;
			children = (
			);
			path = models;
			sourceTree = "<group>";
		};
		52A528621CDF3A6600499AE7 /* views */ = {
			isa = PBXGroup;
			children = (
			);
			path = views;
			sourceTree = "<group>";
		};
		52A528631CDF3A6700499AE7 /* 电话簿 */ = {
			isa = PBXGroup;
			children = (
				52A528641CDF3A6700499AE7 /* cells */,
				52A528651CDF3A6700499AE7 /* Controllers */,
				52A528681CDF3A6700499AE7 /* models */,
				52A528691CDF3A6700499AE7 /* views */,
			);
			path = "电话簿";
			sourceTree = "<group>";
		};
		52A528641CDF3A6700499AE7 /* cells */ = {
			isa = PBXGroup;
			children = (
			);
			path = cells;
			sourceTree = "<group>";
		};
		52A528651CDF3A6700499AE7 /* Controllers */ = {
			isa = PBXGroup;
			children = (
				52A528661CDF3A6700499AE7 /* WBPhoneBookViewController.h */,
				52A528671CDF3A6700499AE7 /* WBPhoneBookViewController.m */,
			);
			path = Controllers;
			sourceTree = "<group>";
		};
		52A528681CDF3A6700499AE7 /* models */ = {
			isa = PBXGroup;
			children = (
			);
			path = models;
			sourceTree = "<group>";
		};
		52A528691CDF3A6700499AE7 /* views */ = {
			isa = PBXGroup;
			children = (
			);
			path = views;
			sourceTree = "<group>";
		};
		52A5286A1CDF3A6700499AE7 /* 分类 */ = {
			isa = PBXGroup;
			children = (
				52A5286B1CDF3A6700499AE7 /* CATransition+PageChangeAnimation */,
				52A5286E1CDF3A6700499AE7 /* NavBar+WBCustomBackgroud */,
				52A528711CDF3A6700499AE7 /* UIBarButtonItem+WBCustomButton */,
				52A528741CDF3A6700499AE7 /* UIColor+HexColor */,
				52A528771CDF3A6700499AE7 /* UIImage+GetWithColor */,
				52A5287A1CDF3A6700499AE7 /* UIView+WBLocation */,
			);
			path = "分类";
			sourceTree = "<group>";
		};
		52A5286B1CDF3A6700499AE7 /* CATransition+PageChangeAnimation */ = {
			isa = PBXGroup;
			children = (
				52A5286C1CDF3A6700499AE7 /* CATransition+PageChangeAnimation.h */,
				52A5286D1CDF3A6700499AE7 /* CATransition+PageChangeAnimation.m */,
			);
			path = "CATransition+PageChangeAnimation";
			sourceTree = "<group>";
		};
		52A5286E1CDF3A6700499AE7 /* NavBar+WBCustomBackgroud */ = {
			isa = PBXGroup;
			children = (
				52A5286F1CDF3A6700499AE7 /* UINavigationBar+NavBar_WBCustomBackgroudImage.h */,
				52A528701CDF3A6700499AE7 /* UINavigationBar+NavBar_WBCustomBackgroudImage.m */,
			);
			path = "NavBar+WBCustomBackgroud";
			sourceTree = "<group>";
		};
		52A528711CDF3A6700499AE7 /* UIBarButtonItem+WBCustomButton */ = {
			isa = PBXGroup;
			children = (
				52A528721CDF3A6700499AE7 /* UIBarButtonItem+WBCustomButton.h */,
				52A528731CDF3A6700499AE7 /* UIBarButtonItem+WBCustomButton.m */,
			);
			path = "UIBarButtonItem+WBCustomButton";
			sourceTree = "<group>";
		};
		52A528741CDF3A6700499AE7 /* UIColor+HexColor */ = {
			isa = PBXGroup;
			children = (
				52A528751CDF3A6700499AE7 /* UIColor+HexColor.h */,
				52A528761CDF3A6700499AE7 /* UIColor+HexColor.m */,
			);
			path = "UIColor+HexColor";
			sourceTree = "<group>";
		};
		52A528771CDF3A6700499AE7 /* UIImage+GetWithColor */ = {
			isa = PBXGroup;
			children = (
				52A528781CDF3A6700499AE7 /* UIImage+WBGetWithColor.h */,
				52A528791CDF3A6700499AE7 /* UIImage+WBGetWithColor.m */,
			);
			path = "UIImage+GetWithColor";
			sourceTree = "<group>";
		};
		52A5287A1CDF3A6700499AE7 /* UIView+WBLocation */ = {
			isa = PBXGroup;
			children = (
				52A5287B1CDF3A6700499AE7 /* UIView+WBLocation.h */,
				52A5287C1CDF3A6700499AE7 /* UIView+WBLocation.m */,
			);
			path = "UIView+WBLocation";
			sourceTree = "<group>";
		};
		52A5287D1CDF3A6700499AE7 /* 论坛 */ = {
			isa = PBXGroup;
			children = (
				52A5287E1CDF3A6700499AE7 /* cells */,
				52A5287F1CDF3A6700499AE7 /* Controllers */,
				52A528821CDF3A6700499AE7 /* models */,
				52A528831CDF3A6700499AE7 /* views */,
			);
			path = "论坛";
			sourceTree = "<group>";
		};
		52A5287E1CDF3A6700499AE7 /* cells */ = {
			isa = PBXGroup;
			children = (
			);
			path = cells;
			sourceTree = "<group>";
		};
		52A5287F1CDF3A6700499AE7 /* Controllers */ = {
			isa = PBXGroup;
			children = (
				52A528801CDF3A6700499AE7 /* WBForumViewController.h */,
				52A528811CDF3A6700499AE7 /* WBForumViewController.m */,
				053AF2761CE21415000ACB9D /* KTopicDetailVC.h */,
				053AF2771CE21415000ACB9D /* KTopicDetailVC.m */,
			);
			path = Controllers;
			sourceTree = "<group>";
		};
		52A528821CDF3A6700499AE7 /* models */ = {
			isa = PBXGroup;
			children = (
				057BDD411CDF47C200F03911 /* KTopicFrameModel.h */,
				057BDD421CDF47C200F03911 /* KTopicFrameModel.m */,
				057BDD3E1CDF47B400F03911 /* KTopicModel.h */,
				057BDD3F1CDF47B400F03911 /* KTopicModel.m */,
				05C87CBF1CE3679800BFBA0F /* KTopicHeaderFrameModel.h */,
				05C87CC01CE3679800BFBA0F /* KTopicHeaderFrameModel.m */,
				05ECD86E1CE4666500A0582A /* KCommentModel.h */,
				05ECD86F1CE4666500A0582A /* KCommentModel.m */,
			);
			path = models;
			sourceTree = "<group>";
		};
		52A528831CDF3A6700499AE7 /* views */ = {
			isa = PBXGroup;
			children = (
				057BDD381CDF430300F03911 /* WBCustonSegment.h */,
				057BDD391CDF430300F03911 /* WBCustonSegment.m */,
				057BDD3B1CDF479500F03911 /* KTopicCell.h */,
				057BDD3C1CDF479500F03911 /* KTopicCell.m */,
				05C87CC51CE3681E00BFBA0F /* KTopicDetailHeader.h */,
				05C87CC61CE3681E00BFBA0F /* KTopicDetailHeader.m */,
				05ECD85F1CE45E6B00A0582A /* KCommentCountView.h */,
				05ECD8601CE45E6B00A0582A /* KCommentCountView.m */,
				05ECD8621CE45E7A00A0582A /* KCommentCountView.xib */,
				05ECD8691CE462BC00A0582A /* KCommentCell.h */,
				05ECD86A1CE462BC00A0582A /* KCommentCell.m */,
				05ECD86B1CE462BC00A0582A /* KCommentCell.xib */,
				05ECD8641CE4627F00A0582A /* KBottomCommentView.h */,
				05ECD8651CE4627F00A0582A /* KBottomCommentView.m */,
				05ECD8671CE4629000A0582A /* KBottomCommentView.xib */,
			);
			path = views;
			sourceTree = "<group>";
		};
		52A528841CDF3A6700499AE7 /* 首页 */ = {
			isa = PBXGroup;
			children = (
				52A528851CDF3A6700499AE7 /* cells */,
				52A528861CDF3A6700499AE7 /* Controllers */,
				52A528891CDF3A6700499AE7 /* models */,
				52A5288A1CDF3A6700499AE7 /* views */,
			);
			path = "首页";
			sourceTree = "<group>";
		};
		52A528851CDF3A6700499AE7 /* cells */ = {
			isa = PBXGroup;
			children = (
				527156751CE36E66007F7821 /* WBMainCell1.h */,
				527156761CE36E66007F7821 /* WBMainCell1.m */,
				527156771CE36E66007F7821 /* WBMainCell1.xib */,
				5271567F1CE36EE9007F7821 /* WBMainCell2.h */,
				527156801CE36EE9007F7821 /* WBMainCell2.m */,
				527156811CE36EE9007F7821 /* WBMainCell2.xib */,
				527156841CE36F0D007F7821 /* WBMainCell3.h */,
				527156851CE36F0D007F7821 /* WBMainCell3.m */,
				527156861CE36F0D007F7821 /* WBMainCell3.xib */,
			);
			path = cells;
			sourceTree = "<group>";
		};
		52A528861CDF3A6700499AE7 /* Controllers */ = {
			isa = PBXGroup;
			children = (
				52A528871CDF3A6700499AE7 /* WBMainViewController.h */,
				52A528881CDF3A6700499AE7 /* WBMainViewController.m */,
			);
			path = Controllers;
			sourceTree = "<group>";
		};
		52A528891CDF3A6700499AE7 /* models */ = {
			isa = PBXGroup;
			children = (
			);
			path = models;
			sourceTree = "<group>";
		};
		52A5288A1CDF3A6700499AE7 /* views */ = {
			isa = PBXGroup;
			children = (
				527156701CE35ED0007F7821 /* WBCustomNavView.h */,
				527156711CE35ED0007F7821 /* WBCustomNavView.m */,
				527156731CE35EEF007F7821 /* WBCustomNavView.xib */,
			);
			path = views;
			sourceTree = "<group>";
		};
		59E59F729B36E56D7B03D9D5 /* Frameworks */ = {
			isa = PBXGroup;
			children = (
				F0D535423ED6E61946912108 /* libPods.a */,
			);
			name = Frameworks;
			sourceTree = "<group>";
		};
		D1A5A28B70EF87215E6CFEE4 /* Pods */ = {
			isa = PBXGroup;
			children = (
				0F1BB20647A92F384047403D /* Pods.debug.xcconfig */,
				5ABD5ADE04E1BB1D4220B79C /* Pods.release.xcconfig */,
			);
			name = Pods;
			sourceTree = "<group>";
		};
/* End PBXGroup section */

/* Begin PBXNativeTarget section */
		5216DB6A1CDECB5C00B06B3B /* kedashixunDemo */ = {
			isa = PBXNativeTarget;
			buildConfigurationList = 5216DB981CDECB5C00B06B3B /* Build configuration list for PBXNativeTarget "kedashixunDemo" */;
			buildPhases = (
				66F9094B95AEB162B2A395F0 /* Check Pods Manifest.lock */,
				5216DB671CDECB5C00B06B3B /* Sources */,
				5216DB681CDECB5C00B06B3B /* Frameworks */,
				5216DB691CDECB5C00B06B3B /* Resources */,
				FFCD73A536FE9CB79037CE48 /* Embed Pods Frameworks */,
				2F06E56046871AD5B72B748A /* Copy Pods Resources */,
			);
			buildRules = (
			);
			dependencies = (
			);
			name = kedashixunDemo;
			productName = kedashixunDemo;
			productReference = 5216DB6B1CDECB5C00B06B3B /* kedashixunDemo.app */;
			productType = "com.apple.product-type.application";
		};
		5216DB831CDECB5C00B06B3B /* kedashixunDemoTests */ = {
			isa = PBXNativeTarget;
			buildConfigurationList = 5216DB9B1CDECB5C00B06B3B /* Build configuration list for PBXNativeTarget "kedashixunDemoTests" */;
			buildPhases = (
				5216DB801CDECB5C00B06B3B /* Sources */,
				5216DB811CDECB5C00B06B3B /* Frameworks */,
				5216DB821CDECB5C00B06B3B /* Resources */,
			);
			buildRules = (
			);
			dependencies = (
				5216DB861CDECB5C00B06B3B /* PBXTargetDependency */,
			);
			name = kedashixunDemoTests;
			productName = kedashixunDemoTests;
			productReference = 5216DB841CDECB5C00B06B3B /* kedashixunDemoTests.xctest */;
			productType = "com.apple.product-type.bundle.unit-test";
		};
		5216DB8E1CDECB5C00B06B3B /* kedashixunDemoUITests */ = {
			isa = PBXNativeTarget;
			buildConfigurationList = 5216DB9E1CDECB5C00B06B3B /* Build configuration list for PBXNativeTarget "kedashixunDemoUITests" */;
			buildPhases = (
				5216DB8B1CDECB5C00B06B3B /* Sources */,
				5216DB8C1CDECB5C00B06B3B /* Frameworks */,
				5216DB8D1CDECB5C00B06B3B /* Resources */,
			);
			buildRules = (
			);
			dependencies = (
				5216DB911CDECB5C00B06B3B /* PBXTargetDependency */,
			);
			name = kedashixunDemoUITests;
			productName = kedashixunDemoUITests;
			productReference = 5216DB8F1CDECB5C00B06B3B /* kedashixunDemoUITests.xctest */;
			productType = "com.apple.product-type.bundle.ui-testing";
		};
/* End PBXNativeTarget section */

/* Begin PBXProject section */
		5216DB631CDECB5C00B06B3B /* Project object */ = {
			isa = PBXProject;
			attributes = {
				CLASSPREFIX = WB;
				LastUpgradeCheck = 0720;
				ORGANIZATIONNAME = wangbing;
				TargetAttributes = {
					5216DB6A1CDECB5C00B06B3B = {
						CreatedOnToolsVersion = 7.2;
						DevelopmentTeam = JK99CV4MSU;
					};
					5216DB831CDECB5C00B06B3B = {
						CreatedOnToolsVersion = 7.2;
						TestTargetID = 5216DB6A1CDECB5C00B06B3B;
					};
					5216DB8E1CDECB5C00B06B3B = {
						CreatedOnToolsVersion = 7.2;
						TestTargetID = 5216DB6A1CDECB5C00B06B3B;
					};
				};
			};
			buildConfigurationList = 5216DB661CDECB5C00B06B3B /* Build configuration list for PBXProject "kedashixunDemo" */;
			compatibilityVersion = "Xcode 3.2";
			developmentRegion = English;
			hasScannedForEncodings = 0;
			knownRegions = (
				en,
				Base,
			);
			mainGroup = 5216DB621CDECB5C00B06B3B;
			productRefGroup = 5216DB6C1CDECB5C00B06B3B /* Products */;
			projectDirPath = "";
			projectRoot = "";
			targets = (
				5216DB6A1CDECB5C00B06B3B /* kedashixunDemo */,
				5216DB831CDECB5C00B06B3B /* kedashixunDemoTests */,
				5216DB8E1CDECB5C00B06B3B /* kedashixunDemoUITests */,
			);
		};
/* End PBXProject section */

/* Begin PBXResourcesBuildPhase section */
		5216DB691CDECB5C00B06B3B /* Resources */ = {
			isa = PBXResourcesBuildPhase;
			buildActionMask = 2147483647;
			files = (
				52A5289E1CDF414900499AE7 /* WBMenuViewController.xib in Resources */,
				527156791CE36E66007F7821 /* WBMainCell1.xib in Resources */,
				52A528451CDEE81E00499AE7 /* tabbar_books@3x.png in Resources */,
				52A5289C1CDF3DB600499AE7 /* WBMenuTableViewCell.xib in Resources */,
				527156831CE36EE9007F7821 /* WBMainCell2.xib in Resources */,
				52A528A01CDF4AC600499AE7 /* background_blue@3x.png in Resources */,
				52A528A21CDF4AE500499AE7 /* background_dream@3x.png in Resources */,
				05ECD8681CE4629000A0582A /* KBottomCommentView.xib in Resources */,
				52A5284F1CDF300500499AE7 /* Assets.xcassets in Resources */,
				05ECD8631CE45E7A00A0582A /* KCommentCountView.xib in Resources */,
				52A528511CDF301900499AE7 /* LaunchScreen.storyboard in Resources */,
				52A5288D1CDF3A6700499AE7 /* WBMenuHeaderView.xib in Resources */,
				527156881CE36F0D007F7821 /* WBMainCell3.xib in Resources */,
				527156741CE35EEF007F7821 /* WBCustomNavView.xib in Resources */,
				52A528431CDEDDCC00499AE7 /* navbar_back@3x.png in Resources */,
				05ECD86D1CE462BC00A0582A /* KCommentCell.xib in Resources */,
			);
			runOnlyForDeploymentPostprocessing = 0;
		};
		5216DB821CDECB5C00B06B3B /* Resources */ = {
			isa = PBXResourcesBuildPhase;
			buildActionMask = 2147483647;
			files = (
			);
			runOnlyForDeploymentPostprocessing = 0;
		};
		5216DB8D1CDECB5C00B06B3B /* Resources */ = {
			isa = PBXResourcesBuildPhase;
			buildActionMask = 2147483647;
			files = (
			);
			runOnlyForDeploymentPostprocessing = 0;
		};
/* End PBXResourcesBuildPhase section */

/* Begin PBXShellScriptBuildPhase section */
		2F06E56046871AD5B72B748A /* Copy Pods Resources */ = {
			isa = PBXShellScriptBuildPhase;
			buildActionMask = 2147483647;
			files = (
			);
			inputPaths = (
			);
			name = "Copy Pods Resources";
			outputPaths = (
			);
			runOnlyForDeploymentPostprocessing = 0;
			shellPath = /bin/sh;
			shellScript = "\"${SRCROOT}/Pods/Target Support Files/Pods/Pods-resources.sh\"\n";
			showEnvVarsInLog = 0;
		};
		66F9094B95AEB162B2A395F0 /* Check Pods Manifest.lock */ = {
			isa = PBXShellScriptBuildPhase;
			buildActionMask = 2147483647;
			files = (
			);
			inputPaths = (
			);
			name = "Check Pods Manifest.lock";
			outputPaths = (
			);
			runOnlyForDeploymentPostprocessing = 0;
			shellPath = /bin/sh;
			shellScript = "diff \"${PODS_ROOT}/../Podfile.lock\" \"${PODS_ROOT}/Manifest.lock\" > /dev/null\nif [[ $? != 0 ]] ; then\n    cat << EOM\nerror: The sandbox is not in sync with the Podfile.lock. Run 'pod install' or update your CocoaPods installation.\nEOM\n    exit 1\nfi\n";
			showEnvVarsInLog = 0;
		};
		FFCD73A536FE9CB79037CE48 /* Embed Pods Frameworks */ = {
			isa = PBXShellScriptBuildPhase;
			buildActionMask = 2147483647;
			files = (
			);
			inputPaths = (
			);
			name = "Embed Pods Frameworks";
			outputPaths = (
			);
			runOnlyForDeploymentPostprocessing = 0;
			shellPath = /bin/sh;
			shellScript = "\"${SRCROOT}/Pods/Target Support Files/Pods/Pods-frameworks.sh\"\n";
			showEnvVarsInLog = 0;
		};
/* End PBXShellScriptBuildPhase section */

/* Begin PBXSourcesBuildPhase section */
		5216DB671CDECB5C00B06B3B /* Sources */ = {
			isa = PBXSourcesBuildPhase;
			buildActionMask = 2147483647;
			files = (
				52A528191CDECD2000499AE7 /* WBDBModel.m in Sources */,
				52A528941CDF3A6700499AE7 /* UIImage+WBGetWithColor.m in Sources */,
				057BDD431CDF47C200F03911 /* KTopicFrameModel.m in Sources */,
				52A528931CDF3A6700499AE7 /* UIColor+HexColor.m in Sources */,
				52A5284E1CDF300500499AE7 /* AppDelegate.m in Sources */,
				057BDD3A1CDF430300F03911 /* WBCustonSegment.m in Sources */,
				52A528951CDF3A6700499AE7 /* UIView+WBLocation.m in Sources */,
				527156781CE36E66007F7821 /* WBMainCell1.m in Sources */,
				52A5280E1CDECD2000499AE7 /* UIColor+HexColor.m in Sources */,
				05ECD86C1CE462BC00A0582A /* KCommentCell.m in Sources */,
				057BDD401CDF47B400F03911 /* KTopicModel.m in Sources */,
				52A528181CDECD2000499AE7 /* WBDBHelper.m in Sources */,
				52A528921CDF3A6700499AE7 /* UIBarButtonItem+WBCustomButton.m in Sources */,
				52A5281C1CDECD2000499AE7 /* WBMessageRequest.m in Sources */,
				52A5288E1CDF3A6700499AE7 /* WBGuidanceViewController.m in Sources */,
				527156821CE36EE9007F7821 /* WBMainCell2.m in Sources */,
				52A5280C1CDECD2000499AE7 /* UINavigationBar+NavBar_WBCustomBackgroudImage.m in Sources */,
				52A5281A1CDECD2000499AE7 /* WBRequestManager.m in Sources */,
				52A528121CDECD2000499AE7 /* WBNavViewController.m in Sources */,
				053AF2781CE21415000ACB9D /* KTopicDetailVC.m in Sources */,
				52A5289B1CDF3DB600499AE7 /* WBMenuTableViewCell.m in Sources */,
				52A5288F1CDF3A6700499AE7 /* WBPhoneBookViewController.m in Sources */,
				52A5282A1CDED65B00499AE7 /* UIViewController+RESideMenu.m in Sources */,
				52A528411CDEDD8200499AE7 /* WBTools.m in Sources */,
				52A5281D1CDECD2000499AE7 /* WBUserRequest.m in Sources */,
				057BDD3D1CDF479500F03911 /* KTopicCell.m in Sources */,
				527156871CE36F0D007F7821 /* WBMainCell3.m in Sources */,
				05ECD8701CE4666500A0582A /* KCommentModel.m in Sources */,
				52A528911CDF3A6700499AE7 /* UINavigationBar+NavBar_WBCustomBackgroudImage.m in Sources */,
				527156721CE35ED0007F7821 /* WBCustomNavView.m in Sources */,
				52A5280F1CDECD2000499AE7 /* UIImage+WBGetWithColor.m in Sources */,
				52A528961CDF3A6700499AE7 /* WBForumViewController.m in Sources */,
				52A5288B1CDF3A6700499AE7 /* WBMenuViewController.m in Sources */,
				52A528111CDECD2000499AE7 /* WBBaseViewController.m in Sources */,
				52A528971CDF3A6700499AE7 /* WBMainViewController.m in Sources */,
				05ECD8611CE45E6B00A0582A /* KCommentCountView.m in Sources */,
				05C87CC11CE3679800BFBA0F /* KTopicHeaderFrameModel.m in Sources */,
				52A528901CDF3A6700499AE7 /* CATransition+PageChangeAnimation.m in Sources */,
				05C87CC71CE3681E00BFBA0F /* KTopicDetailHeader.m in Sources */,
				52A528101CDECD2000499AE7 /* UIView+WBLocation.m in Sources */,
				52A528281CDED65B00499AE7 /* RECommonFunctions.m in Sources */,
				52A528291CDED65B00499AE7 /* RESideMenu.m in Sources */,
				52379EED1CE1DD4900E93767 /* WBPersonalCenterViewController.m in Sources */,
				52A5288C1CDF3A6700499AE7 /* WBMenuHeaderView.m in Sources */,
				52A5280D1CDECD2000499AE7 /* UIBarButtonItem+WBCustomButton.m in Sources */,
				52A528161CDECD2000499AE7 /* WBTabBarViewController.m in Sources */,
				52A5280B1CDECD2000499AE7 /* CATransition+PageChangeAnimation.m in Sources */,
				05ECD8661CE4627F00A0582A /* KBottomCommentView.m in Sources */,
				5216DB701CDECB5C00B06B3B /* main.m in Sources */,
				52A5281B1CDECD2000499AE7 /* WBBaseRequest.m in Sources */,
			);
			runOnlyForDeploymentPostprocessing = 0;
		};
		5216DB801CDECB5C00B06B3B /* Sources */ = {
			isa = PBXSourcesBuildPhase;
			buildActionMask = 2147483647;
			files = (
				5216DB891CDECB5C00B06B3B /* kedashixunDemoTests.m in Sources */,
			);
			runOnlyForDeploymentPostprocessing = 0;
		};
		5216DB8B1CDECB5C00B06B3B /* Sources */ = {
			isa = PBXSourcesBuildPhase;
			buildActionMask = 2147483647;
			files = (
				5216DB941CDECB5C00B06B3B /* kedashixunDemoUITests.m in Sources */,
			);
			runOnlyForDeploymentPostprocessing = 0;
		};
/* End PBXSourcesBuildPhase section */

/* Begin PBXTargetDependency section */
		5216DB861CDECB5C00B06B3B /* PBXTargetDependency */ = {
			isa = PBXTargetDependency;
			target = 5216DB6A1CDECB5C00B06B3B /* kedashixunDemo */;
			targetProxy = 5216DB851CDECB5C00B06B3B /* PBXContainerItemProxy */;
		};
		5216DB911CDECB5C00B06B3B /* PBXTargetDependency */ = {
			isa = PBXTargetDependency;
			target = 5216DB6A1CDECB5C00B06B3B /* kedashixunDemo */;
			targetProxy = 5216DB901CDECB5C00B06B3B /* PBXContainerItemProxy */;
		};
/* End PBXTargetDependency section */

/* Begin XCBuildConfiguration section */
		5216DB961CDECB5C00B06B3B /* Debug */ = {
			isa = XCBuildConfiguration;
			buildSettings = {
				ALWAYS_SEARCH_USER_PATHS = NO;
				CLANG_CXX_LANGUAGE_STANDARD = "gnu++0x";
				CLANG_CXX_LIBRARY = "libc++";
				CLANG_ENABLE_MODULES = YES;
				CLANG_ENABLE_OBJC_ARC = YES;
				CLANG_WARN_BOOL_CONVERSION = YES;
				CLANG_WARN_CONSTANT_CONVERSION = YES;
				CLANG_WARN_DIRECT_OBJC_ISA_USAGE = YES_ERROR;
				CLANG_WARN_EMPTY_BODY = YES;
				CLANG_WARN_ENUM_CONVERSION = YES;
				CLANG_WARN_INT_CONVERSION = YES;
				CLANG_WARN_OBJC_ROOT_CLASS = YES_ERROR;
				CLANG_WARN_UNREACHABLE_CODE = YES;
				CLANG_WARN__DUPLICATE_METHOD_MATCH = YES;
				"CODE_SIGN_IDENTITY[sdk=iphoneos*]" = "iPhone Developer";
				COPY_PHASE_STRIP = NO;
				DEBUG_INFORMATION_FORMAT = dwarf;
				ENABLE_STRICT_OBJC_MSGSEND = YES;
				ENABLE_TESTABILITY = YES;
				GCC_C_LANGUAGE_STANDARD = gnu99;
				GCC_DYNAMIC_NO_PIC = NO;
				GCC_NO_COMMON_BLOCKS = YES;
				GCC_OPTIMIZATION_LEVEL = 0;
				GCC_PREPROCESSOR_DEFINITIONS = (
					"DEBUG=1",
					"$(inherited)",
				);
				GCC_WARN_64_TO_32_BIT_CONVERSION = YES;
				GCC_WARN_ABOUT_RETURN_TYPE = YES_ERROR;
				GCC_WARN_UNDECLARED_SELECTOR = YES;
				GCC_WARN_UNINITIALIZED_AUTOS = YES_AGGRESSIVE;
				GCC_WARN_UNUSED_FUNCTION = YES;
				GCC_WARN_UNUSED_VARIABLE = YES;
				IPHONEOS_DEPLOYMENT_TARGET = 9.2;
				MTL_ENABLE_DEBUG_INFO = YES;
				ONLY_ACTIVE_ARCH = YES;
				SDKROOT = iphoneos;
			};
			name = Debug;
		};
		5216DB971CDECB5C00B06B3B /* Release */ = {
			isa = XCBuildConfiguration;
			buildSettings = {
				ALWAYS_SEARCH_USER_PATHS = NO;
				CLANG_CXX_LANGUAGE_STANDARD = "gnu++0x";
				CLANG_CXX_LIBRARY = "libc++";
				CLANG_ENABLE_MODULES = YES;
				CLANG_ENABLE_OBJC_ARC = YES;
				CLANG_WARN_BOOL_CONVERSION = YES;
				CLANG_WARN_CONSTANT_CONVERSION = YES;
				CLANG_WARN_DIRECT_OBJC_ISA_USAGE = YES_ERROR;
				CLANG_WARN_EMPTY_BODY = YES;
				CLANG_WARN_ENUM_CONVERSION = YES;
				CLANG_WARN_INT_CONVERSION = YES;
				CLANG_WARN_OBJC_ROOT_CLASS = YES_ERROR;
				CLANG_WARN_UNREACHABLE_CODE = YES;
				CLANG_WARN__DUPLICATE_METHOD_MATCH = YES;
				"CODE_SIGN_IDENTITY[sdk=iphoneos*]" = "iPhone Developer";
				COPY_PHASE_STRIP = NO;
				DEBUG_INFORMATION_FORMAT = "dwarf-with-dsym";
				ENABLE_NS_ASSERTIONS = NO;
				ENABLE_STRICT_OBJC_MSGSEND = YES;
				GCC_C_LANGUAGE_STANDARD = gnu99;
				GCC_NO_COMMON_BLOCKS = YES;
				GCC_WARN_64_TO_32_BIT_CONVERSION = YES;
				GCC_WARN_ABOUT_RETURN_TYPE = YES_ERROR;
				GCC_WARN_UNDECLARED_SELECTOR = YES;
				GCC_WARN_UNINITIALIZED_AUTOS = YES_AGGRESSIVE;
				GCC_WARN_UNUSED_FUNCTION = YES;
				GCC_WARN_UNUSED_VARIABLE = YES;
				IPHONEOS_DEPLOYMENT_TARGET = 9.2;
				MTL_ENABLE_DEBUG_INFO = NO;
				SDKROOT = iphoneos;
				VALIDATE_PRODUCT = YES;
			};
			name = Release;
		};
		5216DB991CDECB5C00B06B3B /* Debug */ = {
			isa = XCBuildConfiguration;
			baseConfigurationReference = 0F1BB20647A92F384047403D /* Pods.debug.xcconfig */;
			buildSettings = {
				ASSETCATALOG_COMPILER_APPICON_NAME = AppIcon;
				CODE_SIGN_IDENTITY = "iPhone Developer";
				INFOPLIST_FILE = kedashixunDemo/Info.plist;
				LD_RUNPATH_SEARCH_PATHS = "$(inherited) @executable_path/Frameworks";
				PRODUCT_BUNDLE_IDENTIFIER = wangbing.kedashixunDemo;
				PRODUCT_NAME = "$(TARGET_NAME)";
			};
			name = Debug;
		};
		5216DB9A1CDECB5C00B06B3B /* Release */ = {
			isa = XCBuildConfiguration;
			baseConfigurationReference = 5ABD5ADE04E1BB1D4220B79C /* Pods.release.xcconfig */;
			buildSettings = {
				ASSETCATALOG_COMPILER_APPICON_NAME = AppIcon;
				CODE_SIGN_IDENTITY = "iPhone Developer";
				INFOPLIST_FILE = kedashixunDemo/Info.plist;
				LD_RUNPATH_SEARCH_PATHS = "$(inherited) @executable_path/Frameworks";
				PRODUCT_BUNDLE_IDENTIFIER = wangbing.kedashixunDemo;
				PRODUCT_NAME = "$(TARGET_NAME)";
			};
			name = Release;
		};
		5216DB9C1CDECB5C00B06B3B /* Debug */ = {
			isa = XCBuildConfiguration;
			buildSettings = {
				BUNDLE_LOADER = "$(TEST_HOST)";
				INFOPLIST_FILE = kedashixunDemoTests/Info.plist;
				LD_RUNPATH_SEARCH_PATHS = "$(inherited) @executable_path/Frameworks @loader_path/Frameworks";
				PRODUCT_BUNDLE_IDENTIFIER = wangbing.kedashixunDemoTests;
				PRODUCT_NAME = "$(TARGET_NAME)";
				TEST_HOST = "$(BUILT_PRODUCTS_DIR)/kedashixunDemo.app/kedashixunDemo";
			};
			name = Debug;
		};
		5216DB9D1CDECB5C00B06B3B /* Release */ = {
			isa = XCBuildConfiguration;
			buildSettings = {
				BUNDLE_LOADER = "$(TEST_HOST)";
				INFOPLIST_FILE = kedashixunDemoTests/Info.plist;
				LD_RUNPATH_SEARCH_PATHS = "$(inherited) @executable_path/Frameworks @loader_path/Frameworks";
				PRODUCT_BUNDLE_IDENTIFIER = wangbing.kedashixunDemoTests;
				PRODUCT_NAME = "$(TARGET_NAME)";
				TEST_HOST = "$(BUILT_PRODUCTS_DIR)/kedashixunDemo.app/kedashixunDemo";
			};
			name = Release;
		};
		5216DB9F1CDECB5C00B06B3B /* Debug */ = {
			isa = XCBuildConfiguration;
			buildSettings = {
				INFOPLIST_FILE = kedashixunDemoUITests/Info.plist;
				LD_RUNPATH_SEARCH_PATHS = "$(inherited) @executable_path/Frameworks @loader_path/Frameworks";
				PRODUCT_BUNDLE_IDENTIFIER = wangbing.kedashixunDemoUITests;
				PRODUCT_NAME = "$(TARGET_NAME)";
				TEST_TARGET_NAME = kedashixunDemo;
				USES_XCTRUNNER = YES;
			};
			name = Debug;
		};
		5216DBA01CDECB5C00B06B3B /* Release */ = {
			isa = XCBuildConfiguration;
			buildSettings = {
				INFOPLIST_FILE = kedashixunDemoUITests/Info.plist;
				LD_RUNPATH_SEARCH_PATHS = "$(inherited) @executable_path/Frameworks @loader_path/Frameworks";
				PRODUCT_BUNDLE_IDENTIFIER = wangbing.kedashixunDemoUITests;
				PRODUCT_NAME = "$(TARGET_NAME)";
				TEST_TARGET_NAME = kedashixunDemo;
				USES_XCTRUNNER = YES;
			};
			name = Release;
		};
/* End XCBuildConfiguration section */

/* Begin XCConfigurationList section */
		5216DB661CDECB5C00B06B3B /* Build configuration list for PBXProject "kedashixunDemo" */ = {
			isa = XCConfigurationList;
			buildConfigurations = (
				5216DB961CDECB5C00B06B3B /* Debug */,
				5216DB971CDECB5C00B06B3B /* Release */,
			);
			defaultConfigurationIsVisible = 0;
			defaultConfigurationName = Release;
		};
		5216DB981CDECB5C00B06B3B /* Build configuration list for PBXNativeTarget "kedashixunDemo" */ = {
			isa = XCConfigurationList;
			buildConfigurations = (
				5216DB991CDECB5C00B06B3B /* Debug */,
				5216DB9A1CDECB5C00B06B3B /* Release */,
			);
			defaultConfigurationIsVisible = 0;
			defaultConfigurationName = Release;
		};
		5216DB9B1CDECB5C00B06B3B /* Build configuration list for PBXNativeTarget "kedashixunDemoTests" */ = {
			isa = XCConfigurationList;
			buildConfigurations = (
				5216DB9C1CDECB5C00B06B3B /* Debug */,
				5216DB9D1CDECB5C00B06B3B /* Release */,
			);
			defaultConfigurationIsVisible = 0;
			defaultConfigurationName = Release;
		};
		5216DB9E1CDECB5C00B06B3B /* Build configuration list for PBXNativeTarget "kedashixunDemoUITests" */ = {
			isa = XCConfigurationList;
			buildConfigurations = (
				5216DB9F1CDECB5C00B06B3B /* Debug */,
				5216DBA01CDECB5C00B06B3B /* Release */,
			);
			defaultConfigurationIsVisible = 0;
			defaultConfigurationName = Release;
		};
/* End XCConfigurationList section */
	};
	rootObject = 5216DB631CDECB5C00B06B3B /* Project object */;
}
