// !$*UTF8*$!
{
	archiveVersion = 1;
	classes = {
	};
	objectVersion = 46;
	objects = {

/* Begin PBXBuildFile section */
		25B72F0CD143B850B112A130 /* libPods.a in Frameworks */ = {isa = PBXBuildFile; fileRef = F0D535423ED6E61946912108 /* libPods.a */; };
		5216DB701CDECB5C00B06B3B /* main.m in Sources */ = {isa = PBXBuildFile; fileRef = 5216DB6F1CDECB5C00B06B3B /* main.m */; };
		5216DB731CDECB5C00B06B3B /* AppDelegate.m in Sources */ = {isa = PBXBuildFile; fileRef = 5216DB721CDECB5C00B06B3B /* AppDelegate.m */; };
		5216DB7B1CDECB5C00B06B3B /* Assets.xcassets in Resources */ = {isa = PBXBuildFile; fileRef = 5216DB7A1CDECB5C00B06B3B /* Assets.xcassets */; };
		5216DB7E1CDECB5C00B06B3B /* LaunchScreen.storyboard in Resources */ = {isa = PBXBuildFile; fileRef = 5216DB7C1CDECB5C00B06B3B /* LaunchScreen.storyboard */; };
		5216DB891CDECB5C00B06B3B /* kedashixunDemoTests.m in Sources */ = {isa = PBXBuildFile; fileRef = 5216DB881CDECB5C00B06B3B /* kedashixunDemoTests.m */; };
		5216DB941CDECB5C00B06B3B /* kedashixunDemoUITests.m in Sources */ = {isa = PBXBuildFile; fileRef = 5216DB931CDECB5C00B06B3B /* kedashixunDemoUITests.m */; };
		52A5280B1CDECD2000499AE7 /* CATransition+PageChangeAnimation.m in Sources */ = {isa = PBXBuildFile; fileRef = 52A527CA1CDECD2000499AE7 /* CATransition+PageChangeAnimation.m */; };
		52A5280C1CDECD2000499AE7 /* UINavigationBar+NavBar_WBCustomBackgroudImage.m in Sources */ = {isa = PBXBuildFile; fileRef = 52A527CD1CDECD2000499AE7 /* UINavigationBar+NavBar_WBCustomBackgroudImage.m */; };
		52A5280D1CDECD2000499AE7 /* UIBarButtonItem+WBCustomButton.m in Sources */ = {isa = PBXBuildFile; fileRef = 52A527D01CDECD2000499AE7 /* UIBarButtonItem+WBCustomButton.m */; };
		52A5280E1CDECD2000499AE7 /* UIColor+HexColor.m in Sources */ = {isa = PBXBuildFile; fileRef = 52A527D31CDECD2000499AE7 /* UIColor+HexColor.m */; };
		52A5280F1CDECD2000499AE7 /* UIImage+WBGetWithColor.m in Sources */ = {isa = PBXBuildFile; fileRef = 52A527D61CDECD2000499AE7 /* UIImage+WBGetWithColor.m */; };
		52A528101CDECD2000499AE7 /* UIView+WBLocation.m in Sources */ = {isa = PBXBuildFile; fileRef = 52A527D91CDECD2000499AE7 /* UIView+WBLocation.m */; };
		52A528111CDECD2000499AE7 /* WBBaseViewController.m in Sources */ = {isa = PBXBuildFile; fileRef = 52A527E21CDECD2000499AE7 /* WBBaseViewController.m */; };
		52A528121CDECD2000499AE7 /* WBNavViewController.m in Sources */ = {isa = PBXBuildFile; fileRef = 52A527E51CDECD2000499AE7 /* WBNavViewController.m */; };
		52A528161CDECD2000499AE7 /* WBDetailTabBarViewController.m in Sources */ = {isa = PBXBuildFile; fileRef = 52A527EF1CDECD2000499AE7 /* WBDetailTabBarViewController.m */; };
		52A528181CDECD2000499AE7 /* WBDBHelper.m in Sources */ = {isa = PBXBuildFile; fileRef = 52A527FA1CDECD2000499AE7 /* WBDBHelper.m */; };
		52A528191CDECD2000499AE7 /* WBDBModel.m in Sources */ = {isa = PBXBuildFile; fileRef = 52A527FC1CDECD2000499AE7 /* WBDBModel.m */; };
		52A5281A1CDECD2000499AE7 /* WBRequestManager.m in Sources */ = {isa = PBXBuildFile; fileRef = 52A528011CDECD2000499AE7 /* WBRequestManager.m */; };
		52A5281B1CDECD2000499AE7 /* WBBaseRequest.m in Sources */ = {isa = PBXBuildFile; fileRef = 52A528041CDECD2000499AE7 /* WBBaseRequest.m */; };
		52A5281C1CDECD2000499AE7 /* WBMessageRequest.m in Sources */ = {isa = PBXBuildFile; fileRef = 52A528071CDECD2000499AE7 /* WBMessageRequest.m */; };
		52A5281D1CDECD2000499AE7 /* WBUserRequest.m in Sources */ = {isa = PBXBuildFile; fileRef = 52A5280A1CDECD2000499AE7 /* WBUserRequest.m */; };
		52A528281CDED65B00499AE7 /* RECommonFunctions.m in Sources */ = {isa = PBXBuildFile; fileRef = 52A528231CDED65B00499AE7 /* RECommonFunctions.m */; };
		52A528291CDED65B00499AE7 /* RESideMenu.m in Sources */ = {isa = PBXBuildFile; fileRef = 52A528251CDED65B00499AE7 /* RESideMenu.m */; };
		52A5282A1CDED65B00499AE7 /* UIViewController+RESideMenu.m in Sources */ = {isa = PBXBuildFile; fileRef = 52A528271CDED65B00499AE7 /* UIViewController+RESideMenu.m */; };
		52A5282D1CDED74700499AE7 /* WBMainViewController.m in Sources */ = {isa = PBXBuildFile; fileRef = 52A5282C1CDED74700499AE7 /* WBMainViewController.m */; };
		52A528301CDED76500499AE7 /* WBMenuViewController.m in Sources */ = {isa = PBXBuildFile; fileRef = 52A5282F1CDED76500499AE7 /* WBMenuViewController.m */; };
		52A528371CDEDB6500499AE7 /* WBGuidanceViewController.m in Sources */ = {isa = PBXBuildFile; fileRef = 52A528361CDEDB6500499AE7 /* WBGuidanceViewController.m */; };
		52A5283A1CDEDB8B00499AE7 /* WBPhoneBookViewController.m in Sources */ = {isa = PBXBuildFile; fileRef = 52A528391CDEDB8B00499AE7 /* WBPhoneBookViewController.m */; };
		52A5283D1CDEDBBB00499AE7 /* WBForumViewController.m in Sources */ = {isa = PBXBuildFile; fileRef = 52A5283C1CDEDBBB00499AE7 /* WBForumViewController.m */; };
		52A528411CDEDD8200499AE7 /* WBTools.m in Sources */ = {isa = PBXBuildFile; fileRef = 52A528401CDEDD8200499AE7 /* WBTools.m */; };
/* End PBXBuildFile section */

/* Begin PBXContainerItemProxy section */
		5216DB851CDECB5C00B06B3B /* PBXContainerItemProxy */ = {
			isa = PBXContainerItemProxy;
			containerPortal = 5216DB631CDECB5C00B06B3B /* Project object */;
			proxyType = 1;
			remoteGlobalIDString = 5216DB6A1CDECB5C00B06B3B;
			remoteInfo = kedashixunDemo;
		};
		5216DB901CDECB5C00B06B3B /* PBXContainerItemProxy */ = {
			isa = PBXContainerItemProxy;
			containerPortal = 5216DB631CDECB5C00B06B3B /* Project object */;
			proxyType = 1;
			remoteGlobalIDString = 5216DB6A1CDECB5C00B06B3B;
			remoteInfo = kedashixunDemo;
		};
/* End PBXContainerItemProxy section */

/* Begin PBXFileReference section */
		0F1BB20647A92F384047403D /* Pods.debug.xcconfig */ = {isa = PBXFileReference; includeInIndex = 1; lastKnownFileType = text.xcconfig; name = Pods.debug.xcconfig; path = "Pods/Target Support Files/Pods/Pods.debug.xcconfig"; sourceTree = "<group>"; };
		5216DB6B1CDECB5C00B06B3B /* kedashixunDemo.app */ = {isa = PBXFileReference; explicitFileType = wrapper.application; includeInIndex = 0; path = kedashixunDemo.app; sourceTree = BUILT_PRODUCTS_DIR; };
		5216DB6F1CDECB5C00B06B3B /* main.m */ = {isa = PBXFileReference; lastKnownFileType = sourcecode.c.objc; path = main.m; sourceTree = "<group>"; };
		5216DB711CDECB5C00B06B3B /* AppDelegate.h */ = {isa = PBXFileReference; lastKnownFileType = sourcecode.c.h; name = AppDelegate.h; path = ../AppDelegate.h; sourceTree = "<group>"; };
		5216DB721CDECB5C00B06B3B /* AppDelegate.m */ = {isa = PBXFileReference; lastKnownFileType = sourcecode.c.objc; name = AppDelegate.m; path = ../AppDelegate.m; sourceTree = "<group>"; };
		5216DB7A1CDECB5C00B06B3B /* Assets.xcassets */ = {isa = PBXFileReference; lastKnownFileType = folder.assetcatalog; name = Assets.xcassets; path = ../Assets.xcassets; sourceTree = "<group>"; };
		5216DB7D1CDECB5C00B06B3B /* Base */ = {isa = PBXFileReference; lastKnownFileType = file.storyboard; name = Base; path = Base.lproj/LaunchScreen.storyboard; sourceTree = "<group>"; };
		5216DB7F1CDECB5C00B06B3B /* Info.plist */ = {isa = PBXFileReference; lastKnownFileType = text.plist.xml; path = Info.plist; sourceTree = "<group>"; };
		5216DB841CDECB5C00B06B3B /* kedashixunDemoTests.xctest */ = {isa = PBXFileReference; explicitFileType = wrapper.cfbundle; includeInIndex = 0; path = kedashixunDemoTests.xctest; sourceTree = BUILT_PRODUCTS_DIR; };
		5216DB881CDECB5C00B06B3B /* kedashixunDemoTests.m */ = {isa = PBXFileReference; lastKnownFileType = sourcecode.c.objc; path = kedashixunDemoTests.m; sourceTree = "<group>"; };
		5216DB8A1CDECB5C00B06B3B /* Info.plist */ = {isa = PBXFileReference; lastKnownFileType = text.plist.xml; path = Info.plist; sourceTree = "<group>"; };
		5216DB8F1CDECB5C00B06B3B /* kedashixunDemoUITests.xctest */ = {isa = PBXFileReference; explicitFileType = wrapper.cfbundle; includeInIndex = 0; path = kedashixunDemoUITests.xctest; sourceTree = BUILT_PRODUCTS_DIR; };
		5216DB931CDECB5C00B06B3B /* kedashixunDemoUITests.m */ = {isa = PBXFileReference; lastKnownFileType = sourcecode.c.objc; path = kedashixunDemoUITests.m; sourceTree = "<group>"; };
		5216DB951CDECB5C00B06B3B /* Info.plist */ = {isa = PBXFileReference; lastKnownFileType = text.plist.xml; path = Info.plist; sourceTree = "<group>"; };
		52A527C91CDECD2000499AE7 /* CATransition+PageChangeAnimation.h */ = {isa = PBXFileReference; fileEncoding = 4; lastKnownFileType = sourcecode.c.h; path = "CATransition+PageChangeAnimation.h"; sourceTree = "<group>"; };
		52A527CA1CDECD2000499AE7 /* CATransition+PageChangeAnimation.m */ = {isa = PBXFileReference; fileEncoding = 4; lastKnownFileType = sourcecode.c.objc; path = "CATransition+PageChangeAnimation.m"; sourceTree = "<group>"; };
		52A527CC1CDECD2000499AE7 /* UINavigationBar+NavBar_WBCustomBackgroudImage.h */ = {isa = PBXFileReference; fileEncoding = 4; lastKnownFileType = sourcecode.c.h; path = "UINavigationBar+NavBar_WBCustomBackgroudImage.h"; sourceTree = "<group>"; };
		52A527CD1CDECD2000499AE7 /* UINavigationBar+NavBar_WBCustomBackgroudImage.m */ = {isa = PBXFileReference; fileEncoding = 4; lastKnownFileType = sourcecode.c.objc; path = "UINavigationBar+NavBar_WBCustomBackgroudImage.m"; sourceTree = "<group>"; };
		52A527CF1CDECD2000499AE7 /* UIBarButtonItem+WBCustomButton.h */ = {isa = PBXFileReference; fileEncoding = 4; lastKnownFileType = sourcecode.c.h; path = "UIBarButtonItem+WBCustomButton.h"; sourceTree = "<group>"; };
		52A527D01CDECD2000499AE7 /* UIBarButtonItem+WBCustomButton.m */ = {isa = PBXFileReference; fileEncoding = 4; lastKnownFileType = sourcecode.c.objc; path = "UIBarButtonItem+WBCustomButton.m"; sourceTree = "<group>"; };
		52A527D21CDECD2000499AE7 /* UIColor+HexColor.h */ = {isa = PBXFileReference; fileEncoding = 4; lastKnownFileType = sourcecode.c.h; path = "UIColor+HexColor.h"; sourceTree = "<group>"; };
		52A527D31CDECD2000499AE7 /* UIColor+HexColor.m */ = {isa = PBXFileReference; fileEncoding = 4; lastKnownFileType = sourcecode.c.objc; path = "UIColor+HexColor.m"; sourceTree = "<group>"; };
		52A527D51CDECD2000499AE7 /* UIImage+WBGetWithColor.h */ = {isa = PBXFileReference; fileEncoding = 4; lastKnownFileType = sourcecode.c.h; path = "UIImage+WBGetWithColor.h"; sourceTree = "<group>"; };
		52A527D61CDECD2000499AE7 /* UIImage+WBGetWithColor.m */ = {isa = PBXFileReference; fileEncoding = 4; lastKnownFileType = sourcecode.c.objc; path = "UIImage+WBGetWithColor.m"; sourceTree = "<group>"; };
		52A527D81CDECD2000499AE7 /* UIView+WBLocation.h */ = {isa = PBXFileReference; fileEncoding = 4; lastKnownFileType = sourcecode.c.h; path = "UIView+WBLocation.h"; sourceTree = "<group>"; };
		52A527D91CDECD2000499AE7 /* UIView+WBLocation.m */ = {isa = PBXFileReference; fileEncoding = 4; lastKnownFileType = sourcecode.c.objc; path = "UIView+WBLocation.m"; sourceTree = "<group>"; };
		52A527E11CDECD2000499AE7 /* WBBaseViewController.h */ = {isa = PBXFileReference; fileEncoding = 4; lastKnownFileType = sourcecode.c.h; path = WBBaseViewController.h; sourceTree = "<group>"; };
		52A527E21CDECD2000499AE7 /* WBBaseViewController.m */ = {isa = PBXFileReference; fileEncoding = 4; lastKnownFileType = sourcecode.c.objc; path = WBBaseViewController.m; sourceTree = "<group>"; };
		52A527E41CDECD2000499AE7 /* WBNavViewController.h */ = {isa = PBXFileReference; fileEncoding = 4; lastKnownFileType = sourcecode.c.h; path = WBNavViewController.h; sourceTree = "<group>"; };
		52A527E51CDECD2000499AE7 /* WBNavViewController.m */ = {isa = PBXFileReference; fileEncoding = 4; lastKnownFileType = sourcecode.c.objc; path = WBNavViewController.m; sourceTree = "<group>"; };
		52A527EE1CDECD2000499AE7 /* WBDetailTabBarViewController.h */ = {isa = PBXFileReference; fileEncoding = 4; lastKnownFileType = sourcecode.c.h; path = WBDetailTabBarViewController.h; sourceTree = "<group>"; };
		52A527EF1CDECD2000499AE7 /* WBDetailTabBarViewController.m */ = {isa = PBXFileReference; fileEncoding = 4; lastKnownFileType = sourcecode.c.objc; path = WBDetailTabBarViewController.m; sourceTree = "<group>"; };
		52A527F91CDECD2000499AE7 /* WBDBHelper.h */ = {isa = PBXFileReference; fileEncoding = 4; lastKnownFileType = sourcecode.c.h; path = WBDBHelper.h; sourceTree = "<group>"; };
		52A527FA1CDECD2000499AE7 /* WBDBHelper.m */ = {isa = PBXFileReference; fileEncoding = 4; lastKnownFileType = sourcecode.c.objc; path = WBDBHelper.m; sourceTree = "<group>"; };
		52A527FB1CDECD2000499AE7 /* WBDBModel.h */ = {isa = PBXFileReference; fileEncoding = 4; lastKnownFileType = sourcecode.c.h; path = WBDBModel.h; sourceTree = "<group>"; };
		52A527FC1CDECD2000499AE7 /* WBDBModel.m */ = {isa = PBXFileReference; fileEncoding = 4; lastKnownFileType = sourcecode.c.objc; path = WBDBModel.m; sourceTree = "<group>"; };
		52A527FE1CDECD2000499AE7 /* WBRequest.h */ = {isa = PBXFileReference; fileEncoding = 4; lastKnownFileType = sourcecode.c.h; path = WBRequest.h; sourceTree = "<group>"; };
		52A528001CDECD2000499AE7 /* WBRequestManager.h */ = {isa = PBXFileReference; fileEncoding = 4; lastKnownFileType = sourcecode.c.h; path = WBRequestManager.h; sourceTree = "<group>"; };
		52A528011CDECD2000499AE7 /* WBRequestManager.m */ = {isa = PBXFileReference; fileEncoding = 4; lastKnownFileType = sourcecode.c.objc; path = WBRequestManager.m; sourceTree = "<group>"; };
		52A528031CDECD2000499AE7 /* WBBaseRequest.h */ = {isa = PBXFileReference; fileEncoding = 4; lastKnownFileType = sourcecode.c.h; path = WBBaseRequest.h; sourceTree = "<group>"; };
		52A528041CDECD2000499AE7 /* WBBaseRequest.m */ = {isa = PBXFileReference; fileEncoding = 4; lastKnownFileType = sourcecode.c.objc; path = WBBaseRequest.m; sourceTree = "<group>"; };
		52A528061CDECD2000499AE7 /* WBMessageRequest.h */ = {isa = PBXFileReference; fileEncoding = 4; lastKnownFileType = sourcecode.c.h; path = WBMessageRequest.h; sourceTree = "<group>"; };
		52A528071CDECD2000499AE7 /* WBMessageRequest.m */ = {isa = PBXFileReference; fileEncoding = 4; lastKnownFileType = sourcecode.c.objc; path = WBMessageRequest.m; sourceTree = "<group>"; };
		52A528091CDECD2000499AE7 /* WBUserRequest.h */ = {isa = PBXFileReference; fileEncoding = 4; lastKnownFileType = sourcecode.c.h; path = WBUserRequest.h; sourceTree = "<group>"; };
		52A5280A1CDECD2000499AE7 /* WBUserRequest.m */ = {isa = PBXFileReference; fileEncoding = 4; lastKnownFileType = sourcecode.c.objc; path = WBUserRequest.m; sourceTree = "<group>"; };
		52A5281E1CDECD4000499AE7 /* Const.h */ = {isa = PBXFileReference; fileEncoding = 4; lastKnownFileType = sourcecode.c.h; path = Const.h; sourceTree = "<group>"; };
		52A528221CDED65B00499AE7 /* RECommonFunctions.h */ = {isa = PBXFileReference; fileEncoding = 4; lastKnownFileType = sourcecode.c.h; path = RECommonFunctions.h; sourceTree = "<group>"; };
		52A528231CDED65B00499AE7 /* RECommonFunctions.m */ = {isa = PBXFileReference; fileEncoding = 4; lastKnownFileType = sourcecode.c.objc; path = RECommonFunctions.m; sourceTree = "<group>"; };
		52A528241CDED65B00499AE7 /* RESideMenu.h */ = {isa = PBXFileReference; fileEncoding = 4; lastKnownFileType = sourcecode.c.h; path = RESideMenu.h; sourceTree = "<group>"; };
		52A528251CDED65B00499AE7 /* RESideMenu.m */ = {isa = PBXFileReference; fileEncoding = 4; lastKnownFileType = sourcecode.c.objc; path = RESideMenu.m; sourceTree = "<group>"; };
		52A528261CDED65B00499AE7 /* UIViewController+RESideMenu.h */ = {isa = PBXFileReference; fileEncoding = 4; lastKnownFileType = sourcecode.c.h; path = "UIViewController+RESideMenu.h"; sourceTree = "<group>"; };
		52A528271CDED65B00499AE7 /* UIViewController+RESideMenu.m */ = {isa = PBXFileReference; fileEncoding = 4; lastKnownFileType = sourcecode.c.objc; path = "UIViewController+RESideMenu.m"; sourceTree = "<group>"; };
		52A5282B1CDED74700499AE7 /* WBMainViewController.h */ = {isa = PBXFileReference; fileEncoding = 4; lastKnownFileType = sourcecode.c.h; path = WBMainViewController.h; sourceTree = "<group>"; };
		52A5282C1CDED74700499AE7 /* WBMainViewController.m */ = {isa = PBXFileReference; fileEncoding = 4; lastKnownFileType = sourcecode.c.objc; path = WBMainViewController.m; sourceTree = "<group>"; };
		52A5282E1CDED76500499AE7 /* WBMenuViewController.h */ = {isa = PBXFileReference; fileEncoding = 4; lastKnownFileType = sourcecode.c.h; path = WBMenuViewController.h; sourceTree = "<group>"; };
		52A5282F1CDED76500499AE7 /* WBMenuViewController.m */ = {isa = PBXFileReference; fileEncoding = 4; lastKnownFileType = sourcecode.c.objc; path = WBMenuViewController.m; sourceTree = "<group>"; };
		52A528351CDEDB6500499AE7 /* WBGuidanceViewController.h */ = {isa = PBXFileReference; fileEncoding = 4; lastKnownFileType = sourcecode.c.h; path = WBGuidanceViewController.h; sourceTree = "<group>"; };
		52A528361CDEDB6500499AE7 /* WBGuidanceViewController.m */ = {isa = PBXFileReference; fileEncoding = 4; lastKnownFileType = sourcecode.c.objc; path = WBGuidanceViewController.m; sourceTree = "<group>"; };
		52A528381CDEDB8B00499AE7 /* WBPhoneBookViewController.h */ = {isa = PBXFileReference; fileEncoding = 4; lastKnownFileType = sourcecode.c.h; path = WBPhoneBookViewController.h; sourceTree = "<group>"; };
		52A528391CDEDB8B00499AE7 /* WBPhoneBookViewController.m */ = {isa = PBXFileReference; fileEncoding = 4; lastKnownFileType = sourcecode.c.objc; path = WBPhoneBookViewController.m; sourceTree = "<group>"; };
		52A5283B1CDEDBBB00499AE7 /* WBForumViewController.h */ = {isa = PBXFileReference; fileEncoding = 4; lastKnownFileType = sourcecode.c.h; path = WBForumViewController.h; sourceTree = "<group>"; };
		52A5283C1CDEDBBB00499AE7 /* WBForumViewController.m */ = {isa = PBXFileReference; fileEncoding = 4; lastKnownFileType = sourcecode.c.objc; path = WBForumViewController.m; sourceTree = "<group>"; };
		52A5283F1CDEDD8200499AE7 /* WBTools.h */ = {isa = PBXFileReference; fileEncoding = 4; lastKnownFileType = sourcecode.c.h; path = WBTools.h; sourceTree = "<group>"; };
		52A528401CDEDD8200499AE7 /* WBTools.m */ = {isa = PBXFileReference; fileEncoding = 4; lastKnownFileType = sourcecode.c.objc; path = WBTools.m; sourceTree = "<group>"; };
		5ABD5ADE04E1BB1D4220B79C /* Pods.release.xcconfig */ = {isa = PBXFileReference; includeInIndex = 1; lastKnownFileType = text.xcconfig; name = Pods.release.xcconfig; path = "Pods/Target Support Files/Pods/Pods.release.xcconfig"; sourceTree = "<group>"; };
		F0D535423ED6E61946912108 /* libPods.a */ = {isa = PBXFileReference; explicitFileType = archive.ar; includeInIndex = 0; path = libPods.a; sourceTree = BUILT_PRODUCTS_DIR; };
/* End PBXFileReference section */

/* Begin PBXFrameworksBuildPhase section */
		5216DB681CDECB5C00B06B3B /* Frameworks */ = {
			isa = PBXFrameworksBuildPhase;
			buildActionMask = 2147483647;
			files = (
				25B72F0CD143B850B112A130 /* libPods.a in Frameworks */,
			);
			runOnlyForDeploymentPostprocessing = 0;
		};
		5216DB811CDECB5C00B06B3B /* Frameworks */ = {
			isa = PBXFrameworksBuildPhase;
			buildActionMask = 2147483647;
			files = (
			);
			runOnlyForDeploymentPostprocessing = 0;
		};
		5216DB8C1CDECB5C00B06B3B /* Frameworks */ = {
			isa = PBXFrameworksBuildPhase;
			buildActionMask = 2147483647;
			files = (
			);
			runOnlyForDeploymentPostprocessing = 0;
		};
/* End PBXFrameworksBuildPhase section */

/* Begin PBXGroup section */
		5216DB621CDECB5C00B06B3B = {
			isa = PBXGroup;
			children = (
				5216DB6D1CDECB5C00B06B3B /* kedashixunDemo */,
				5216DB871CDECB5C00B06B3B /* kedashixunDemoTests */,
				5216DB921CDECB5C00B06B3B /* kedashixunDemoUITests */,
				5216DB6C1CDECB5C00B06B3B /* Products */,
				D1A5A28B70EF87215E6CFEE4 /* Pods */,
				59E59F729B36E56D7B03D9D5 /* Frameworks */,
			);
			sourceTree = "<group>";
		};
		5216DB6C1CDECB5C00B06B3B /* Products */ = {
			isa = PBXGroup;
			children = (
				5216DB6B1CDECB5C00B06B3B /* kedashixunDemo.app */,
				5216DB841CDECB5C00B06B3B /* kedashixunDemoTests.xctest */,
				5216DB8F1CDECB5C00B06B3B /* kedashixunDemoUITests.xctest */,
			);
			name = Products;
			sourceTree = "<group>";
		};
		5216DB6D1CDECB5C00B06B3B /* kedashixunDemo */ = {
			isa = PBXGroup;
			children = (
				52A5281E1CDECD4000499AE7 /* Const.h */,
				52A5283E1CDEDD8200499AE7 /* Tools */,
				52A527DF1CDECD2000499AE7 /* 全局类 */,
				52A527C71CDECD2000499AE7 /* 分类 */,
				52A528201CDED63400499AE7 /* 三方 */,
				52A5281F1CDED5D700499AE7 /* 其他 */,
				52A527B81CDECD2000499AE7 /* 侧滑页 */,
				52A527BD1CDECD2000499AE7 /* 导航 */,
				52A527C21CDECD2000499AE7 /* 电话簿 */,
				52A527DA1CDECD2000499AE7 /* 论坛 */,
				52A527F01CDECD2000499AE7 /* 首页 */,
				52A527F51CDECD2000499AE7 /* 数据库 */,
				52A527FD1CDECD2000499AE7 /* 网络 */,
				5216DB6E1CDECB5C00B06B3B /* Supporting Files */,
			);
			path = kedashixunDemo;
			sourceTree = "<group>";
		};
		5216DB6E1CDECB5C00B06B3B /* Supporting Files */ = {
			isa = PBXGroup;
			children = (
				5216DB7F1CDECB5C00B06B3B /* Info.plist */,
				5216DB6F1CDECB5C00B06B3B /* main.m */,
			);
			name = "Supporting Files";
			sourceTree = "<group>";
		};
		5216DB871CDECB5C00B06B3B /* kedashixunDemoTests */ = {
			isa = PBXGroup;
			children = (
				5216DB881CDECB5C00B06B3B /* kedashixunDemoTests.m */,
				5216DB8A1CDECB5C00B06B3B /* Info.plist */,
			);
			path = kedashixunDemoTests;
			sourceTree = "<group>";
		};
		5216DB921CDECB5C00B06B3B /* kedashixunDemoUITests */ = {
			isa = PBXGroup;
			children = (
				5216DB931CDECB5C00B06B3B /* kedashixunDemoUITests.m */,
				5216DB951CDECB5C00B06B3B /* Info.plist */,
			);
			path = kedashixunDemoUITests;
			sourceTree = "<group>";
		};
		52A527B81CDECD2000499AE7 /* 侧滑页 */ = {
			isa = PBXGroup;
			children = (
				52A527B91CDECD2000499AE7 /* cells */,
				52A527BA1CDECD2000499AE7 /* Controllers */,
				52A527BB1CDECD2000499AE7 /* models */,
				52A527BC1CDECD2000499AE7 /* views */,
			);
			path = "侧滑页";
			sourceTree = "<group>";
		};
		52A527B91CDECD2000499AE7 /* cells */ = {
			isa = PBXGroup;
			children = (
			);
			path = cells;
			sourceTree = "<group>";
		};
		52A527BA1CDECD2000499AE7 /* Controllers */ = {
			isa = PBXGroup;
			children = (
				52A5282E1CDED76500499AE7 /* WBMenuViewController.h */,
				52A5282F1CDED76500499AE7 /* WBMenuViewController.m */,
			);
			path = Controllers;
			sourceTree = "<group>";
		};
		52A527BB1CDECD2000499AE7 /* models */ = {
			isa = PBXGroup;
			children = (
			);
			path = models;
			sourceTree = "<group>";
		};
		52A527BC1CDECD2000499AE7 /* views */ = {
			isa = PBXGroup;
			children = (
			);
			path = views;
			sourceTree = "<group>";
		};
		52A527BD1CDECD2000499AE7 /* 导航 */ = {
			isa = PBXGroup;
			children = (
				52A527BE1CDECD2000499AE7 /* cells */,
				52A527BF1CDECD2000499AE7 /* Controllers */,
				52A527C01CDECD2000499AE7 /* models */,
				52A527C11CDECD2000499AE7 /* views */,
			);
			path = "导航";
			sourceTree = "<group>";
		};
		52A527BE1CDECD2000499AE7 /* cells */ = {
			isa = PBXGroup;
			children = (
			);
			path = cells;
			sourceTree = "<group>";
		};
		52A527BF1CDECD2000499AE7 /* Controllers */ = {
			isa = PBXGroup;
			children = (
				52A528351CDEDB6500499AE7 /* WBGuidanceViewController.h */,
				52A528361CDEDB6500499AE7 /* WBGuidanceViewController.m */,
			);
			path = Controllers;
			sourceTree = "<group>";
		};
		52A527C01CDECD2000499AE7 /* models */ = {
			isa = PBXGroup;
			children = (
			);
			path = models;
			sourceTree = "<group>";
		};
		52A527C11CDECD2000499AE7 /* views */ = {
			isa = PBXGroup;
			children = (
			);
			path = views;
			sourceTree = "<group>";
		};
		52A527C21CDECD2000499AE7 /* 电话簿 */ = {
			isa = PBXGroup;
			children = (
				52A527C31CDECD2000499AE7 /* cells */,
				52A527C41CDECD2000499AE7 /* Controllers */,
				52A527C51CDECD2000499AE7 /* models */,
				52A527C61CDECD2000499AE7 /* views */,
			);
			path = "电话簿";
			sourceTree = "<group>";
		};
		52A527C31CDECD2000499AE7 /* cells */ = {
			isa = PBXGroup;
			children = (
			);
			path = cells;
			sourceTree = "<group>";
		};
		52A527C41CDECD2000499AE7 /* Controllers */ = {
			isa = PBXGroup;
			children = (
				52A528381CDEDB8B00499AE7 /* WBPhoneBookViewController.h */,
				52A528391CDEDB8B00499AE7 /* WBPhoneBookViewController.m */,
			);
			path = Controllers;
			sourceTree = "<group>";
		};
		52A527C51CDECD2000499AE7 /* models */ = {
			isa = PBXGroup;
			children = (
			);
			path = models;
			sourceTree = "<group>";
		};
		52A527C61CDECD2000499AE7 /* views */ = {
			isa = PBXGroup;
			children = (
			);
			path = views;
			sourceTree = "<group>";
		};
		52A527C71CDECD2000499AE7 /* 分类 */ = {
			isa = PBXGroup;
			children = (
				52A527C81CDECD2000499AE7 /* CATransition+PageChangeAnimation */,
				52A527CB1CDECD2000499AE7 /* NavBar+WBCustomBackgroud */,
				52A527CE1CDECD2000499AE7 /* UIBarButtonItem+WBCustomButton */,
				52A527D11CDECD2000499AE7 /* UIColor+HexColor */,
				52A527D41CDECD2000499AE7 /* UIImage+GetWithColor */,
				52A527D71CDECD2000499AE7 /* UIView+WBLocation */,
			);
			path = "分类";
			sourceTree = "<group>";
		};
		52A527C81CDECD2000499AE7 /* CATransition+PageChangeAnimation */ = {
			isa = PBXGroup;
			children = (
				52A527C91CDECD2000499AE7 /* CATransition+PageChangeAnimation.h */,
				52A527CA1CDECD2000499AE7 /* CATransition+PageChangeAnimation.m */,
			);
			path = "CATransition+PageChangeAnimation";
			sourceTree = "<group>";
		};
		52A527CB1CDECD2000499AE7 /* NavBar+WBCustomBackgroud */ = {
			isa = PBXGroup;
			children = (
				52A527CC1CDECD2000499AE7 /* UINavigationBar+NavBar_WBCustomBackgroudImage.h */,
				52A527CD1CDECD2000499AE7 /* UINavigationBar+NavBar_WBCustomBackgroudImage.m */,
			);
			path = "NavBar+WBCustomBackgroud";
			sourceTree = "<group>";
		};
		52A527CE1CDECD2000499AE7 /* UIBarButtonItem+WBCustomButton */ = {
			isa = PBXGroup;
			children = (
				52A527CF1CDECD2000499AE7 /* UIBarButtonItem+WBCustomButton.h */,
				52A527D01CDECD2000499AE7 /* UIBarButtonItem+WBCustomButton.m */,
			);
			path = "UIBarButtonItem+WBCustomButton";
			sourceTree = "<group>";
		};
		52A527D11CDECD2000499AE7 /* UIColor+HexColor */ = {
			isa = PBXGroup;
			children = (
				52A527D21CDECD2000499AE7 /* UIColor+HexColor.h */,
				52A527D31CDECD2000499AE7 /* UIColor+HexColor.m */,
			);
			path = "UIColor+HexColor";
			sourceTree = "<group>";
		};
		52A527D41CDECD2000499AE7 /* UIImage+GetWithColor */ = {
			isa = PBXGroup;
			children = (
				52A527D51CDECD2000499AE7 /* UIImage+WBGetWithColor.h */,
				52A527D61CDECD2000499AE7 /* UIImage+WBGetWithColor.m */,
			);
			path = "UIImage+GetWithColor";
			sourceTree = "<group>";
		};
		52A527D71CDECD2000499AE7 /* UIView+WBLocation */ = {
			isa = PBXGroup;
			children = (
				52A527D81CDECD2000499AE7 /* UIView+WBLocation.h */,
				52A527D91CDECD2000499AE7 /* UIView+WBLocation.m */,
			);
			path = "UIView+WBLocation";
			sourceTree = "<group>";
		};
		52A527DA1CDECD2000499AE7 /* 论坛 */ = {
			isa = PBXGroup;
			children = (
				52A527DB1CDECD2000499AE7 /* cells */,
				52A527DC1CDECD2000499AE7 /* Controllers */,
				52A527DD1CDECD2000499AE7 /* models */,
				52A527DE1CDECD2000499AE7 /* views */,
			);
			path = "论坛";
			sourceTree = "<group>";
		};
		52A527DB1CDECD2000499AE7 /* cells */ = {
			isa = PBXGroup;
			children = (
			);
			path = cells;
			sourceTree = "<group>";
		};
		52A527DC1CDECD2000499AE7 /* Controllers */ = {
			isa = PBXGroup;
			children = (
				52A5283B1CDEDBBB00499AE7 /* WBForumViewController.h */,
				52A5283C1CDEDBBB00499AE7 /* WBForumViewController.m */,
			);
			path = Controllers;
			sourceTree = "<group>";
		};
		52A527DD1CDECD2000499AE7 /* models */ = {
			isa = PBXGroup;
			children = (
			);
			path = models;
			sourceTree = "<group>";
		};
		52A527DE1CDECD2000499AE7 /* views */ = {
			isa = PBXGroup;
			children = (
			);
			path = views;
			sourceTree = "<group>";
		};
		52A527DF1CDECD2000499AE7 /* 全局类 */ = {
			isa = PBXGroup;
			children = (
				52A527E01CDECD2000499AE7 /* Base */,
				52A527E31CDECD2000499AE7 /* Nav */,
				52A527ED1CDECD2000499AE7 /* TabBar */,
			);
			path = "全局类";
			sourceTree = "<group>";
		};
		52A527E01CDECD2000499AE7 /* Base */ = {
			isa = PBXGroup;
			children = (
				52A527E11CDECD2000499AE7 /* WBBaseViewController.h */,
				52A527E21CDECD2000499AE7 /* WBBaseViewController.m */,
			);
			path = Base;
			sourceTree = "<group>";
		};
		52A527E31CDECD2000499AE7 /* Nav */ = {
			isa = PBXGroup;
			children = (
				52A527E41CDECD2000499AE7 /* WBNavViewController.h */,
				52A527E51CDECD2000499AE7 /* WBNavViewController.m */,
			);
			path = Nav;
			sourceTree = "<group>";
		};
		52A527ED1CDECD2000499AE7 /* TabBar */ = {
			isa = PBXGroup;
			children = (
				52A527EE1CDECD2000499AE7 /* WBDetailTabBarViewController.h */,
				52A527EF1CDECD2000499AE7 /* WBDetailTabBarViewController.m */,
			);
			path = TabBar;
			sourceTree = "<group>";
		};
		52A527F01CDECD2000499AE7 /* 首页 */ = {
			isa = PBXGroup;
			children = (
				52A527F11CDECD2000499AE7 /* cells */,
				52A527F21CDECD2000499AE7 /* Controllers */,
				52A527F31CDECD2000499AE7 /* models */,
				52A527F41CDECD2000499AE7 /* views */,
			);
			path = "首页";
			sourceTree = "<group>";
		};
		52A527F11CDECD2000499AE7 /* cells */ = {
			isa = PBXGroup;
			children = (
			);
			path = cells;
			sourceTree = "<group>";
		};
		52A527F21CDECD2000499AE7 /* Controllers */ = {
			isa = PBXGroup;
			children = (
				52A5282B1CDED74700499AE7 /* WBMainViewController.h */,
				52A5282C1CDED74700499AE7 /* WBMainViewController.m */,
			);
			path = Controllers;
			sourceTree = "<group>";
		};
		52A527F31CDECD2000499AE7 /* models */ = {
			isa = PBXGroup;
			children = (
			);
			path = models;
			sourceTree = "<group>";
		};
		52A527F41CDECD2000499AE7 /* views */ = {
			isa = PBXGroup;
			children = (
			);
			path = views;
			sourceTree = "<group>";
		};
		52A527F51CDECD2000499AE7 /* 数据库 */ = {
			isa = PBXGroup;
			children = (
				52A527F61CDECD2000499AE7 /* DBModel */,
			);
			path = "数据库";
			sourceTree = "<group>";
		};
		52A527F61CDECD2000499AE7 /* DBModel */ = {
			isa = PBXGroup;
			children = (
				52A527F91CDECD2000499AE7 /* WBDBHelper.h */,
				52A527FA1CDECD2000499AE7 /* WBDBHelper.m */,
				52A527FB1CDECD2000499AE7 /* WBDBModel.h */,
				52A527FC1CDECD2000499AE7 /* WBDBModel.m */,
			);
			path = DBModel;
			sourceTree = "<group>";
		};
		52A527FD1CDECD2000499AE7 /* 网络 */ = {
			isa = PBXGroup;
			children = (
				52A527FE1CDECD2000499AE7 /* WBRequest.h */,
				52A527FF1CDECD2000499AE7 /* 管理类 */,
				52A528021CDECD2000499AE7 /* 请求类 */,
			);
			path = "网络";
			sourceTree = "<group>";
		};
		52A527FF1CDECD2000499AE7 /* 管理类 */ = {
			isa = PBXGroup;
			children = (
				52A528001CDECD2000499AE7 /* WBRequestManager.h */,
				52A528011CDECD2000499AE7 /* WBRequestManager.m */,
			);
			path = "管理类";
			sourceTree = "<group>";
		};
		52A528021CDECD2000499AE7 /* 请求类 */ = {
			isa = PBXGroup;
			children = (
				52A528031CDECD2000499AE7 /* WBBaseRequest.h */,
				52A528041CDECD2000499AE7 /* WBBaseRequest.m */,
				52A528051CDECD2000499AE7 /* 信息请求 */,
				52A528081CDECD2000499AE7 /* 用户请求 */,
			);
			path = "请求类";
			sourceTree = "<group>";
		};
		52A528051CDECD2000499AE7 /* 信息请求 */ = {
			isa = PBXGroup;
			children = (
				52A528061CDECD2000499AE7 /* WBMessageRequest.h */,
				52A528071CDECD2000499AE7 /* WBMessageRequest.m */,
			);
			path = "信息请求";
			sourceTree = "<group>";
		};
		52A528081CDECD2000499AE7 /* 用户请求 */ = {
			isa = PBXGroup;
			children = (
				52A528091CDECD2000499AE7 /* WBUserRequest.h */,
				52A5280A1CDECD2000499AE7 /* WBUserRequest.m */,
			);
			path = "用户请求";
			sourceTree = "<group>";
		};
		52A5281F1CDED5D700499AE7 /* 其他 */ = {
			isa = PBXGroup;
			children = (
				5216DB7A1CDECB5C00B06B3B /* Assets.xcassets */,
				5216DB7C1CDECB5C00B06B3B /* LaunchScreen.storyboard */,
				5216DB711CDECB5C00B06B3B /* AppDelegate.h */,
				5216DB721CDECB5C00B06B3B /* AppDelegate.m */,
			);
			path = "其他";
			sourceTree = "<group>";
		};
		52A528201CDED63400499AE7 /* 三方 */ = {
			isa = PBXGroup;
			children = (
				52A528211CDED65B00499AE7 /* RESideMenu */,
			);
			path = "三方";
			sourceTree = "<group>";
		};
		52A528211CDED65B00499AE7 /* RESideMenu */ = {
			isa = PBXGroup;
			children = (
				52A528221CDED65B00499AE7 /* RECommonFunctions.h */,
				52A528231CDED65B00499AE7 /* RECommonFunctions.m */,
				52A528241CDED65B00499AE7 /* RESideMenu.h */,
				52A528251CDED65B00499AE7 /* RESideMenu.m */,
				52A528261CDED65B00499AE7 /* UIViewController+RESideMenu.h */,
				52A528271CDED65B00499AE7 /* UIViewController+RESideMenu.m */,
			);
			path = RESideMenu;
			sourceTree = "<group>";
		};
		52A5283E1CDEDD8200499AE7 /* Tools */ = {
			isa = PBXGroup;
			children = (
				52A5283F1CDEDD8200499AE7 /* WBTools.h */,
				52A528401CDEDD8200499AE7 /* WBTools.m */,
			);
			path = Tools;
			sourceTree = "<group>";
		};
		59E59F729B36E56D7B03D9D5 /* Frameworks */ = {
			isa = PBXGroup;
			children = (
				F0D535423ED6E61946912108 /* libPods.a */,
			);
			name = Frameworks;
			sourceTree = "<group>";
		};
		D1A5A28B70EF87215E6CFEE4 /* Pods */ = {
			isa = PBXGroup;
			children = (
				0F1BB20647A92F384047403D /* Pods.debug.xcconfig */,
				5ABD5ADE04E1BB1D4220B79C /* Pods.release.xcconfig */,
			);
			name = Pods;
			sourceTree = "<group>";
		};
/* End PBXGroup section */

/* Begin PBXNativeTarget section */
		5216DB6A1CDECB5C00B06B3B /* kedashixunDemo */ = {
			isa = PBXNativeTarget;
			buildConfigurationList = 5216DB981CDECB5C00B06B3B /* Build configuration list for PBXNativeTarget "kedashixunDemo" */;
			buildPhases = (
				66F9094B95AEB162B2A395F0 /* Check Pods Manifest.lock */,
				5216DB671CDECB5C00B06B3B /* Sources */,
				5216DB681CDECB5C00B06B3B /* Frameworks */,
				5216DB691CDECB5C00B06B3B /* Resources */,
				FFCD73A536FE9CB79037CE48 /* Embed Pods Frameworks */,
				2F06E56046871AD5B72B748A /* Copy Pods Resources */,
			);
			buildRules = (
			);
			dependencies = (
			);
			name = kedashixunDemo;
			productName = kedashixunDemo;
			productReference = 5216DB6B1CDECB5C00B06B3B /* kedashixunDemo.app */;
			productType = "com.apple.product-type.application";
		};
		5216DB831CDECB5C00B06B3B /* kedashixunDemoTests */ = {
			isa = PBXNativeTarget;
			buildConfigurationList = 5216DB9B1CDECB5C00B06B3B /* Build configuration list for PBXNativeTarget "kedashixunDemoTests" */;
			buildPhases = (
				5216DB801CDECB5C00B06B3B /* Sources */,
				5216DB811CDECB5C00B06B3B /* Frameworks */,
				5216DB821CDECB5C00B06B3B /* Resources */,
			);
			buildRules = (
			);
			dependencies = (
				5216DB861CDECB5C00B06B3B /* PBXTargetDependency */,
			);
			name = kedashixunDemoTests;
			productName = kedashixunDemoTests;
			productReference = 5216DB841CDECB5C00B06B3B /* kedashixunDemoTests.xctest */;
			productType = "com.apple.product-type.bundle.unit-test";
		};
		5216DB8E1CDECB5C00B06B3B /* kedashixunDemoUITests */ = {
			isa = PBXNativeTarget;
			buildConfigurationList = 5216DB9E1CDECB5C00B06B3B /* Build configuration list for PBXNativeTarget "kedashixunDemoUITests" */;
			buildPhases = (
				5216DB8B1CDECB5C00B06B3B /* Sources */,
				5216DB8C1CDECB5C00B06B3B /* Frameworks */,
				5216DB8D1CDECB5C00B06B3B /* Resources */,
			);
			buildRules = (
			);
			dependencies = (
				5216DB911CDECB5C00B06B3B /* PBXTargetDependency */,
			);
			name = kedashixunDemoUITests;
			productName = kedashixunDemoUITests;
			productReference = 5216DB8F1CDECB5C00B06B3B /* kedashixunDemoUITests.xctest */;
			productType = "com.apple.product-type.bundle.ui-testing";
		};
/* End PBXNativeTarget section */

/* Begin PBXProject section */
		5216DB631CDECB5C00B06B3B /* Project object */ = {
			isa = PBXProject;
			attributes = {
				CLASSPREFIX = WB;
				LastUpgradeCheck = 0720;
				ORGANIZATIONNAME = wangbing;
				TargetAttributes = {
					5216DB6A1CDECB5C00B06B3B = {
						CreatedOnToolsVersion = 7.2;
					};
					5216DB831CDECB5C00B06B3B = {
						CreatedOnToolsVersion = 7.2;
						TestTargetID = 5216DB6A1CDECB5C00B06B3B;
					};
					5216DB8E1CDECB5C00B06B3B = {
						CreatedOnToolsVersion = 7.2;
						TestTargetID = 5216DB6A1CDECB5C00B06B3B;
					};
				};
			};
			buildConfigurationList = 5216DB661CDECB5C00B06B3B /* Build configuration list for PBXProject "kedashixunDemo" */;
			compatibilityVersion = "Xcode 3.2";
			developmentRegion = English;
			hasScannedForEncodings = 0;
			knownRegions = (
				en,
				Base,
			);
			mainGroup = 5216DB621CDECB5C00B06B3B;
			productRefGroup = 5216DB6C1CDECB5C00B06B3B /* Products */;
			projectDirPath = "";
			projectRoot = "";
			targets = (
				5216DB6A1CDECB5C00B06B3B /* kedashixunDemo */,
				5216DB831CDECB5C00B06B3B /* kedashixunDemoTests */,
				5216DB8E1CDECB5C00B06B3B /* kedashixunDemoUITests */,
			);
		};
/* End PBXProject section */

/* Begin PBXResourcesBuildPhase section */
		5216DB691CDECB5C00B06B3B /* Resources */ = {
			isa = PBXResourcesBuildPhase;
			buildActionMask = 2147483647;
			files = (
				5216DB7E1CDECB5C00B06B3B /* LaunchScreen.storyboard in Resources */,
				5216DB7B1CDECB5C00B06B3B /* Assets.xcassets in Resources */,
			);
			runOnlyForDeploymentPostprocessing = 0;
		};
		5216DB821CDECB5C00B06B3B /* Resources */ = {
			isa = PBXResourcesBuildPhase;
			buildActionMask = 2147483647;
			files = (
			);
			runOnlyForDeploymentPostprocessing = 0;
		};
		5216DB8D1CDECB5C00B06B3B /* Resources */ = {
			isa = PBXResourcesBuildPhase;
			buildActionMask = 2147483647;
			files = (
			);
			runOnlyForDeploymentPostprocessing = 0;
		};
/* End PBXResourcesBuildPhase section */

/* Begin PBXShellScriptBuildPhase section */
		2F06E56046871AD5B72B748A /* Copy Pods Resources */ = {
			isa = PBXShellScriptBuildPhase;
			buildActionMask = 2147483647;
			files = (
			);
			inputPaths = (
			);
			name = "Copy Pods Resources";
			outputPaths = (
			);
			runOnlyForDeploymentPostprocessing = 0;
			shellPath = /bin/sh;
			shellScript = "\"${SRCROOT}/Pods/Target Support Files/Pods/Pods-resources.sh\"\n";
			showEnvVarsInLog = 0;
		};
		66F9094B95AEB162B2A395F0 /* Check Pods Manifest.lock */ = {
			isa = PBXShellScriptBuildPhase;
			buildActionMask = 2147483647;
			files = (
			);
			inputPaths = (
			);
			name = "Check Pods Manifest.lock";
			outputPaths = (
			);
			runOnlyForDeploymentPostprocessing = 0;
			shellPath = /bin/sh;
			shellScript = "diff \"${PODS_ROOT}/../Podfile.lock\" \"${PODS_ROOT}/Manifest.lock\" > /dev/null\nif [[ $? != 0 ]] ; then\n    cat << EOM\nerror: The sandbox is not in sync with the Podfile.lock. Run 'pod install' or update your CocoaPods installation.\nEOM\n    exit 1\nfi\n";
			showEnvVarsInLog = 0;
		};
		FFCD73A536FE9CB79037CE48 /* Embed Pods Frameworks */ = {
			isa = PBXShellScriptBuildPhase;
			buildActionMask = 2147483647;
			files = (
			);
			inputPaths = (
			);
			name = "Embed Pods Frameworks";
			outputPaths = (
			);
			runOnlyForDeploymentPostprocessing = 0;
			shellPath = /bin/sh;
			shellScript = "\"${SRCROOT}/Pods/Target Support Files/Pods/Pods-frameworks.sh\"\n";
			showEnvVarsInLog = 0;
		};
/* End PBXShellScriptBuildPhase section */

/* Begin PBXSourcesBuildPhase section */
		5216DB671CDECB5C00B06B3B /* Sources */ = {
			isa = PBXSourcesBuildPhase;
			buildActionMask = 2147483647;
			files = (
				52A528191CDECD2000499AE7 /* WBDBModel.m in Sources */,
				52A528371CDEDB6500499AE7 /* WBGuidanceViewController.m in Sources */,
				52A5280E1CDECD2000499AE7 /* UIColor+HexColor.m in Sources */,
				52A528181CDECD2000499AE7 /* WBDBHelper.m in Sources */,
				52A5283D1CDEDBBB00499AE7 /* WBForumViewController.m in Sources */,
				52A5281C1CDECD2000499AE7 /* WBMessageRequest.m in Sources */,
				52A5280C1CDECD2000499AE7 /* UINavigationBar+NavBar_WBCustomBackgroudImage.m in Sources */,
				52A5281A1CDECD2000499AE7 /* WBRequestManager.m in Sources */,
				52A528121CDECD2000499AE7 /* WBNavViewController.m in Sources */,
				52A5282A1CDED65B00499AE7 /* UIViewController+RESideMenu.m in Sources */,
				52A528411CDEDD8200499AE7 /* WBTools.m in Sources */,
				52A5281D1CDECD2000499AE7 /* WBUserRequest.m in Sources */,
				52A5280F1CDECD2000499AE7 /* UIImage+WBGetWithColor.m in Sources */,
				52A5283A1CDEDB8B00499AE7 /* WBPhoneBookViewController.m in Sources */,
				52A528301CDED76500499AE7 /* WBMenuViewController.m in Sources */,
				52A528111CDECD2000499AE7 /* WBBaseViewController.m in Sources */,
				52A528101CDECD2000499AE7 /* UIView+WBLocation.m in Sources */,
				52A528281CDED65B00499AE7 /* RECommonFunctions.m in Sources */,
				52A528291CDED65B00499AE7 /* RESideMenu.m in Sources */,
				52A5280D1CDECD2000499AE7 /* UIBarButtonItem+WBCustomButton.m in Sources */,
				52A528161CDECD2000499AE7 /* WBDetailTabBarViewController.m in Sources */,
				5216DB731CDECB5C00B06B3B /* AppDelegate.m in Sources */,
				52A5280B1CDECD2000499AE7 /* CATransition+PageChangeAnimation.m in Sources */,
				5216DB701CDECB5C00B06B3B /* main.m in Sources */,
				52A5282D1CDED74700499AE7 /* WBMainViewController.m in Sources */,
				52A5281B1CDECD2000499AE7 /* WBBaseRequest.m in Sources */,
			);
			runOnlyForDeploymentPostprocessing = 0;
		};
		5216DB801CDECB5C00B06B3B /* Sources */ = {
			isa = PBXSourcesBuildPhase;
			buildActionMask = 2147483647;
			files = (
				5216DB891CDECB5C00B06B3B /* kedashixunDemoTests.m in Sources */,
			);
			runOnlyForDeploymentPostprocessing = 0;
		};
		5216DB8B1CDECB5C00B06B3B /* Sources */ = {
			isa = PBXSourcesBuildPhase;
			buildActionMask = 2147483647;
			files = (
				5216DB941CDECB5C00B06B3B /* kedashixunDemoUITests.m in Sources */,
			);
			runOnlyForDeploymentPostprocessing = 0;
		};
/* End PBXSourcesBuildPhase section */

/* Begin PBXTargetDependency section */
		5216DB861CDECB5C00B06B3B /* PBXTargetDependency */ = {
			isa = PBXTargetDependency;
			target = 5216DB6A1CDECB5C00B06B3B /* kedashixunDemo */;
			targetProxy = 5216DB851CDECB5C00B06B3B /* PBXContainerItemProxy */;
		};
		5216DB911CDECB5C00B06B3B /* PBXTargetDependency */ = {
			isa = PBXTargetDependency;
			target = 5216DB6A1CDECB5C00B06B3B /* kedashixunDemo */;
			targetProxy = 5216DB901CDECB5C00B06B3B /* PBXContainerItemProxy */;
		};
/* End PBXTargetDependency section */

/* Begin PBXVariantGroup section */
		5216DB7C1CDECB5C00B06B3B /* LaunchScreen.storyboard */ = {
			isa = PBXVariantGroup;
			children = (
				5216DB7D1CDECB5C00B06B3B /* Base */,
			);
			name = LaunchScreen.storyboard;
			path = ..;
			sourceTree = "<group>";
		};
/* End PBXVariantGroup section */

/* Begin XCBuildConfiguration section */
		5216DB961CDECB5C00B06B3B /* Debug */ = {
			isa = XCBuildConfiguration;
			buildSettings = {
				ALWAYS_SEARCH_USER_PATHS = NO;
				CLANG_CXX_LANGUAGE_STANDARD = "gnu++0x";
				CLANG_CXX_LIBRARY = "libc++";
				CLANG_ENABLE_MODULES = YES;
				CLANG_ENABLE_OBJC_ARC = YES;
				CLANG_WARN_BOOL_CONVERSION = YES;
				CLANG_WARN_CONSTANT_CONVERSION = YES;
				CLANG_WARN_DIRECT_OBJC_ISA_USAGE = YES_ERROR;
				CLANG_WARN_EMPTY_BODY = YES;
				CLANG_WARN_ENUM_CONVERSION = YES;
				CLANG_WARN_INT_CONVERSION = YES;
				CLANG_WARN_OBJC_ROOT_CLASS = YES_ERROR;
				CLANG_WARN_UNREACHABLE_CODE = YES;
				CLANG_WARN__DUPLICATE_METHOD_MATCH = YES;
				"CODE_SIGN_IDENTITY[sdk=iphoneos*]" = "iPhone Developer";
				COPY_PHASE_STRIP = NO;
				DEBUG_INFORMATION_FORMAT = dwarf;
				ENABLE_STRICT_OBJC_MSGSEND = YES;
				ENABLE_TESTABILITY = YES;
				GCC_C_LANGUAGE_STANDARD = gnu99;
				GCC_DYNAMIC_NO_PIC = NO;
				GCC_NO_COMMON_BLOCKS = YES;
				GCC_OPTIMIZATION_LEVEL = 0;
				GCC_PREPROCESSOR_DEFINITIONS = (
					"DEBUG=1",
					"$(inherited)",
				);
				GCC_WARN_64_TO_32_BIT_CONVERSION = YES;
				GCC_WARN_ABOUT_RETURN_TYPE = YES_ERROR;
				GCC_WARN_UNDECLARED_SELECTOR = YES;
				GCC_WARN_UNINITIALIZED_AUTOS = YES_AGGRESSIVE;
				GCC_WARN_UNUSED_FUNCTION = YES;
				GCC_WARN_UNUSED_VARIABLE = YES;
				IPHONEOS_DEPLOYMENT_TARGET = 9.2;
				MTL_ENABLE_DEBUG_INFO = YES;
				ONLY_ACTIVE_ARCH = YES;
				SDKROOT = iphoneos;
			};
			name = Debug;
		};
		5216DB971CDECB5C00B06B3B /* Release */ = {
			isa = XCBuildConfiguration;
			buildSettings = {
				ALWAYS_SEARCH_USER_PATHS = NO;
				CLANG_CXX_LANGUAGE_STANDARD = "gnu++0x";
				CLANG_CXX_LIBRARY = "libc++";
				CLANG_ENABLE_MODULES = YES;
				CLANG_ENABLE_OBJC_ARC = YES;
				CLANG_WARN_BOOL_CONVERSION = YES;
				CLANG_WARN_CONSTANT_CONVERSION = YES;
				CLANG_WARN_DIRECT_OBJC_ISA_USAGE = YES_ERROR;
				CLANG_WARN_EMPTY_BODY = YES;
				CLANG_WARN_ENUM_CONVERSION = YES;
				CLANG_WARN_INT_CONVERSION = YES;
				CLANG_WARN_OBJC_ROOT_CLASS = YES_ERROR;
				CLANG_WARN_UNREACHABLE_CODE = YES;
				CLANG_WARN__DUPLICATE_METHOD_MATCH = YES;
				"CODE_SIGN_IDENTITY[sdk=iphoneos*]" = "iPhone Developer";
				COPY_PHASE_STRIP = NO;
				DEBUG_INFORMATION_FORMAT = "dwarf-with-dsym";
				ENABLE_NS_ASSERTIONS = NO;
				ENABLE_STRICT_OBJC_MSGSEND = YES;
				GCC_C_LANGUAGE_STANDARD = gnu99;
				GCC_NO_COMMON_BLOCKS = YES;
				GCC_WARN_64_TO_32_BIT_CONVERSION = YES;
				GCC_WARN_ABOUT_RETURN_TYPE = YES_ERROR;
				GCC_WARN_UNDECLARED_SELECTOR = YES;
				GCC_WARN_UNINITIALIZED_AUTOS = YES_AGGRESSIVE;
				GCC_WARN_UNUSED_FUNCTION = YES;
				GCC_WARN_UNUSED_VARIABLE = YES;
				IPHONEOS_DEPLOYMENT_TARGET = 9.2;
				MTL_ENABLE_DEBUG_INFO = NO;
				SDKROOT = iphoneos;
				VALIDATE_PRODUCT = YES;
			};
			name = Release;
		};
		5216DB991CDECB5C00B06B3B /* Debug */ = {
			isa = XCBuildConfiguration;
			baseConfigurationReference = 0F1BB20647A92F384047403D /* Pods.debug.xcconfig */;
			buildSettings = {
				ASSETCATALOG_COMPILER_APPICON_NAME = AppIcon;
				INFOPLIST_FILE = kedashixunDemo/Info.plist;
				LD_RUNPATH_SEARCH_PATHS = "$(inherited) @executable_path/Frameworks";
				PRODUCT_BUNDLE_IDENTIFIER = wangbing.kedashixunDemo;
				PRODUCT_NAME = "$(TARGET_NAME)";
			};
			name = Debug;
		};
		5216DB9A1CDECB5C00B06B3B /* Release */ = {
			isa = XCBuildConfiguration;
			baseConfigurationReference = 5ABD5ADE04E1BB1D4220B79C /* Pods.release.xcconfig */;
			buildSettings = {
				ASSETCATALOG_COMPILER_APPICON_NAME = AppIcon;
				INFOPLIST_FILE = kedashixunDemo/Info.plist;
				LD_RUNPATH_SEARCH_PATHS = "$(inherited) @executable_path/Frameworks";
				PRODUCT_BUNDLE_IDENTIFIER = wangbing.kedashixunDemo;
				PRODUCT_NAME = "$(TARGET_NAME)";
			};
			name = Release;
		};
		5216DB9C1CDECB5C00B06B3B /* Debug */ = {
			isa = XCBuildConfiguration;
			buildSettings = {
				BUNDLE_LOADER = "$(TEST_HOST)";
				INFOPLIST_FILE = kedashixunDemoTests/Info.plist;
				LD_RUNPATH_SEARCH_PATHS = "$(inherited) @executable_path/Frameworks @loader_path/Frameworks";
				PRODUCT_BUNDLE_IDENTIFIER = wangbing.kedashixunDemoTests;
				PRODUCT_NAME = "$(TARGET_NAME)";
				TEST_HOST = "$(BUILT_PRODUCTS_DIR)/kedashixunDemo.app/kedashixunDemo";
			};
			name = Debug;
		};
		5216DB9D1CDECB5C00B06B3B /* Release */ = {
			isa = XCBuildConfiguration;
			buildSettings = {
				BUNDLE_LOADER = "$(TEST_HOST)";
				INFOPLIST_FILE = kedashixunDemoTests/Info.plist;
				LD_RUNPATH_SEARCH_PATHS = "$(inherited) @executable_path/Frameworks @loader_path/Frameworks";
				PRODUCT_BUNDLE_IDENTIFIER = wangbing.kedashixunDemoTests;
				PRODUCT_NAME = "$(TARGET_NAME)";
				TEST_HOST = "$(BUILT_PRODUCTS_DIR)/kedashixunDemo.app/kedashixunDemo";
			};
			name = Release;
		};
		5216DB9F1CDECB5C00B06B3B /* Debug */ = {
			isa = XCBuildConfiguration;
			buildSettings = {
				INFOPLIST_FILE = kedashixunDemoUITests/Info.plist;
				LD_RUNPATH_SEARCH_PATHS = "$(inherited) @executable_path/Frameworks @loader_path/Frameworks";
				PRODUCT_BUNDLE_IDENTIFIER = wangbing.kedashixunDemoUITests;
				PRODUCT_NAME = "$(TARGET_NAME)";
				TEST_TARGET_NAME = kedashixunDemo;
				USES_XCTRUNNER = YES;
			};
			name = Debug;
		};
		5216DBA01CDECB5C00B06B3B /* Release */ = {
			isa = XCBuildConfiguration;
			buildSettings = {
				INFOPLIST_FILE = kedashixunDemoUITests/Info.plist;
				LD_RUNPATH_SEARCH_PATHS = "$(inherited) @executable_path/Frameworks @loader_path/Frameworks";
				PRODUCT_BUNDLE_IDENTIFIER = wangbing.kedashixunDemoUITests;
				PRODUCT_NAME = "$(TARGET_NAME)";
				TEST_TARGET_NAME = kedashixunDemo;
				USES_XCTRUNNER = YES;
			};
			name = Release;
		};
/* End XCBuildConfiguration section */

/* Begin XCConfigurationList section */
		5216DB661CDECB5C00B06B3B /* Build configuration list for PBXProject "kedashixunDemo" */ = {
			isa = XCConfigurationList;
			buildConfigurations = (
				5216DB961CDECB5C00B06B3B /* Debug */,
				5216DB971CDECB5C00B06B3B /* Release */,
			);
			defaultConfigurationIsVisible = 0;
			defaultConfigurationName = Release;
		};
		5216DB981CDECB5C00B06B3B /* Build configuration list for PBXNativeTarget "kedashixunDemo" */ = {
			isa = XCConfigurationList;
			buildConfigurations = (
				5216DB991CDECB5C00B06B3B /* Debug */,
				5216DB9A1CDECB5C00B06B3B /* Release */,
			);
			defaultConfigurationIsVisible = 0;
			defaultConfigurationName = Release;
		};
		5216DB9B1CDECB5C00B06B3B /* Build configuration list for PBXNativeTarget "kedashixunDemoTests" */ = {
			isa = XCConfigurationList;
			buildConfigurations = (
				5216DB9C1CDECB5C00B06B3B /* Debug */,
				5216DB9D1CDECB5C00B06B3B /* Release */,
			);
			defaultConfigurationIsVisible = 0;
			defaultConfigurationName = Release;
		};
		5216DB9E1CDECB5C00B06B3B /* Build configuration list for PBXNativeTarget "kedashixunDemoUITests" */ = {
			isa = XCConfigurationList;
			buildConfigurations = (
				5216DB9F1CDECB5C00B06B3B /* Debug */,
				5216DBA01CDECB5C00B06B3B /* Release */,
			);
			defaultConfigurationIsVisible = 0;
			defaultConfigurationName = Release;
		};
/* End XCConfigurationList section */
	};
	rootObject = 5216DB631CDECB5C00B06B3B /* Project object */;
}
